<Solution>
  <Configurations>
    <BuildType Name="Debug" />
    <BuildType Name="Deploy" />
    <BuildType Name="Release" />
    <Platform Name="Any CPU" />
    <Platform Name="Mixed Platforms" />
    <Platform Name="x86" />
  </Configurations>
  <Folder Name="/Documentation/">
    <File Path="Documentation/CodeConverter.chm" />
    <File Path="Documentation/CodeConverter.hsmx" />
    <File Path="Documentation/CodeGen.chm" />
    <File Path="Documentation/CodeGen.hsmx" />
    <File Path="Documentation/Help.ico" />
    <File Path="Documentation/InternetExplorer.ico" />
    <File Path="Documentation/License.rtf" />
  </Folder>
  <Folder Name="/SampleRepository/">
    <File Path="RpsExport.bat" />
    <File Path="RpsImport.bat" />
    <File Path="SampleRepository/CodeGen.sch" />
    <File Path="SampleRepository/rpsmain.is1" />
    <File Path="SampleRepository/rpsmain.ism" />
    <File Path="SampleRepository/rpstext.is1" />
    <File Path="SampleRepository/rpstext.ism" />
  </Folder>
  <Folder Name="/SampleTemplates/">
    <File Path="SampleTemplates/a.tpl" />
    <File Path="SampleTemplates/b.tpl" />
    <File Path="SampleTemplates/CamelCase.dbl" />
    <File Path="SampleTemplates/CanOpenFile.dbl" />
    <File Path="SampleTemplates/cs_annotated_class.tpl" />
    <File Path="SampleTemplates/cs_asp_data_provider.tpl" />
    <File Path="SampleTemplates/cs_class.tpl" />
    <File Path="SampleTemplates/cs_mvvm_maint_cancelcommand.tpl" />
    <File Path="SampleTemplates/cs_mvvm_maint_manager.tpl" />
    <File Path="SampleTemplates/cs_mvvm_maint_savecommand.tpl" />
    <File Path="SampleTemplates/cs_mvvm_maint_view.tpl" />
    <File Path="SampleTemplates/cs_mvvm_maint_viewmodel.tpl" />
    <File Path="SampleTemplates/cs_mvvm_maint_view_code.tpl" />
    <File Path="SampleTemplates/cs_mvvm_model.tpl" />
    <File Path="SampleTemplates/cs_mvvm_model_manual.tpl" />
    <File Path="SampleTemplates/cs_webform.tpl" />
    <File Path="SampleTemplates/cs_webform_absolute.tpl" />
    <File Path="SampleTemplates/cs_webform_codebehind.tpl" />
    <File Path="SampleTemplates/cs_webform_master.tpl" />
    <File Path="SampleTemplates/cs_winform.tpl" />
    <File Path="SampleTemplates/cs_winform_codebehind.tpl" />
    <File Path="SampleTemplates/cs_winform_resources.tpl" />
    <File Path="SampleTemplates/cs_xaml.tpl" />
    <File Path="SampleTemplates/cs_xaml_codebehind.tpl" />
    <File Path="SampleTemplates/cs_xaml_ig.tpl" />
    <File Path="SampleTemplates/cs_xaml_ig_codebehind.tpl" />
    <File Path="SampleTemplates/DatabaseRoutines.tpl" />
    <File Path="SampleTemplates/DatabaseRoutinesBulkLoad.tpl" />
    <File Path="SampleTemplates/DatabaseRoutinesBulkLoadMapped.tpl" />
    <File Path="SampleTemplates/DatabaseRoutinesLoad.tpl" />
    <File Path="SampleTemplates/DatabaseRoutinesLoadMapped.tpl" />
    <File Path="SampleTemplates/DatabaseRoutinesTest.tpl" />
    <File Path="SampleTemplates/DatabaseTable.tpl" />
    <File Path="SampleTemplates/DatabaseTableBase.tpl" />
    <File Path="SampleTemplates/DatabaseTableConnection.tpl" />
    <File Path="SampleTemplates/DatabaseTableMapped.tpl" />
    <File Path="SampleTemplates/DatabaseTableTest.tpl" />
    <File Path="SampleTemplates/DblNetConverter.dbl" />
    <File Path="SampleTemplates/DecimalToMDYString.dbl" />
    <File Path="SampleTemplates/DecimalToTimeString.dbl" />
    <File Path="SampleTemplates/IsDate.dbl" />
    <File Path="SampleTemplates/IsNumeric.dbl" />
    <File Path="SampleTemplates/IsTime.dbl" />
    <File Path="SampleTemplates/IsWhitespace.dbl" />
    <File Path="SampleTemplates/json_from_record.tpl" />
    <File Path="SampleTemplates/LowerCase.dbl" />
    <File Path="SampleTemplates/MixedCase.dbl" />
    <File Path="SampleTemplates/oc_class_implementation.tpl" />
    <File Path="SampleTemplates/oc_class_interface.tpl" />
    <File Path="SampleTemplates/PascalCase.dbl" />
    <File Path="SampleTemplates/QuotedString.dbl" />
    <File Path="SampleTemplates/RemoveLeading.dbl" />
    <File Path="SampleTemplates/ReplaceCharacter.dbl" />
    <File Path="SampleTemplates/RpsDocIndex.tpl" />
    <File Path="SampleTemplates/RpsDocStructure.tpl" />
    <File Path="SampleTemplates/RpsDocStructureNav.inc" />
    <File Path="SampleTemplates/synnet_mvvm_data.tpl" />
    <File Path="SampleTemplates/synnet_mvvm_data_util.tpl" />
    <File Path="SampleTemplates/synnet_mvvm_global_resources.tpl" />
    <File Path="SampleTemplates/synnet_mvvm_relay_command.tpl" />
    <File Path="SampleTemplates/synnet_mvvm_view_list.tpl" />
    <File Path="SampleTemplates/synnet_mvvm_view_list_code.tpl" />
    <File Path="SampleTemplates/synnet_mvvm_view_maint.tpl" />
    <File Path="SampleTemplates/synnet_mvvm_view_maint_code.tpl" />
    <File Path="SampleTemplates/synnet_mvvm_view_statemanager.tpl" />
    <File Path="SampleTemplates/synnet_mvvm_vm.tpl" />
    <File Path="SampleTemplates/synnet_mvvm_vm_list.tpl" />
    <File Path="SampleTemplates/synnet_mvvm_vm_maint.tpl" />
    <File Path="SampleTemplates/synnet_mvvm_vm_tk.tpl" />
    <File Path="SampleTemplates/syn_collection.tpl" />
    <File Path="SampleTemplates/syn_collection_test.tpl" />
    <File Path="SampleTemplates/syn_createfile.tpl" />
    <File Path="SampleTemplates/syn_csv_export.tpl" />
    <File Path="SampleTemplates/syn_data_class.tpl" />
    <File Path="SampleTemplates/syn_io.tpl" />
    <File Path="SampleTemplates/syn_io_replicate.tpl" />
    <File Path="SampleTemplates/syn_multi_data_class.tpl" />
    <File Path="SampleTemplates/syn_oplock.tpl" />
    <File Path="SampleTemplates/syn_winform.tpl" />
    <File Path="SampleTemplates/syn_xdl.tpl" />
    <File Path="SampleTemplates/syn_xml_doc.tpl" />
    <File Path="SampleTemplates/syn_xml_elem.tpl" />
    <File Path="SampleTemplates/syn_xml_export.tpl" />
    <File Path="SampleTemplates/syn_xml_export_test.tpl" />
    <File Path="SampleTemplates/syn_xml_file.tpl" />
    <File Path="SampleTemplates/tk_change.tpl" />
    <File Path="SampleTemplates/tk_drill.tpl" />
    <File Path="SampleTemplates/tk_input_window.tpl" />
    <File Path="SampleTemplates/tk_io.tpl" />
    <File Path="SampleTemplates/tk_lookup.tpl" />
    <File Path="SampleTemplates/tk_maint_simple.tpl" />
    <File Path="SampleTemplates/tk_maint_tab.tpl" />
    <File Path="SampleTemplates/tk_search.tpl" />
    <File Path="SampleTemplates/UpperCase.dbl" />
    <File Path="SampleTemplates/vb_class.tpl" />
    <File Path="SampleTemplates/vb_webform.tpl" />
    <File Path="SampleTemplates/vb_webform_absolute.tpl" />
    <File Path="SampleTemplates/vb_webform_codebehind.tpl" />
    <File Path="SampleTemplates/vb_webform_master.tpl" />
    <File Path="SampleTemplates/vb_winform.tpl" />
    <File Path="SampleTemplates/vb_winform_codebehind.tpl" />
    <File Path="SampleTemplates/vb_winform_resources.tpl" />
    <File Path="SampleTemplates/vb_xaml.tpl" />
    <File Path="SampleTemplates/vb_xaml_codebehind.tpl" />
    <File Path="SampleTemplates/XfCase.dbl" />
    <File Path="SampleTemplates/xf_java_add.tpl" />
    <File Path="SampleTemplates/xf_java_can_delete.tpl" />
    <File Path="SampleTemplates/xf_java_delete.tpl" />
    <File Path="SampleTemplates/xf_java_get.tpl" />
    <File Path="SampleTemplates/xf_java_get_all.tpl" />
    <File Path="SampleTemplates/xf_java_update.tpl" />
    <File Path="SampleTemplates/xf_java_validate.tpl" />
    <File Path="SampleTemplates/xf_net_add.tpl" />
    <File Path="SampleTemplates/xf_net_can_delete.tpl" />
    <File Path="SampleTemplates/xf_net_delete.tpl" />
    <File Path="SampleTemplates/xf_net_get.tpl" />
    <File Path="SampleTemplates/xf_net_get_all.tpl" />
    <File Path="SampleTemplates/xf_net_get_master_detail.tpl" />
    <File Path="SampleTemplates/xf_net_select_all.tpl" />
    <File Path="SampleTemplates/xf_net_update.tpl" />
    <File Path="SampleTemplates/xf_net_validate.tpl" />
  </Folder>
  <Folder Name="/Solution Items/">
    <File Path=".gitignore" />
    <File Path="azure-pipelines.yml" />
    <File Path="CodeGen.snk" />
    <File Path="CodeGenCurrentFolder.cmd" />
    <File Path="CodeGenEnvironment.cmd" />
    <File Path="CompileHelp.bat" />
    <File Path="CurrentRelease.xml" />
    <File Path="Documentation/Release Procedure.txt" />
    <File Path="HowTo.txt" />
    <File Path="License.txt" />
    <File Path="RepositoryAPI.nuspec" />
    <File Path="SendMsiToDownloads.bat" />
    <File Path="SignFile.bat" />
    <File Path="signfile.ps1" />
  </Folder>
  <Folder Name="/UtilityRoutines/">
    <File Path="MethodCatalogAPI/UtilityRoutines/structure_io.def" />
    <File Path="RepositoryAPI/UtilityRoutines/extract_window_data.dbl" />
    <File Path="UtilityRoutines/channel_cache.dbl" />
    <File Path="UtilityRoutines/dd_createfile.dbl" />
    <File Path="UtilityRoutines/dd_createxdl.dbl" />
    <File Path="UtilityRoutines/display_local_fields.dbl" />
    <File Path="UtilityRoutines/display_local_fields.def" />
    <File Path="UtilityRoutines/entrst_method.dbl" />
    <File Path="UtilityRoutines/headings_from_window.dbl" />
    <File Path="UtilityRoutines/io.dbl" />
    <File Path="UtilityRoutines/io.def" />
    <File Path="UtilityRoutines/ioerr.def" />
    <File Path="UtilityRoutines/IsNumeric.dbl" />
    <File Path="UtilityRoutines/i_checkdata.dbl" />
    <File Path="UtilityRoutines/position_window.dbl" />
    <File Path="UtilityRoutines/print_control.def" />
    <File Path="UtilityRoutines/print_list.dbl" />
    <File Path="UtilityRoutines/print_routines.dbl" />
    <File Path="UtilityRoutines/print_window.dbl" />
    <File Path="UtilityRoutines/remove_leading.dbl" />
    <File Path="UtilityRoutines/replicate.dbl" />
    <File Path="UtilityRoutines/show_io_error.dbl" />
    <File Path="UtilityRoutines/system.def" />
    <File Path="UtilityRoutines/tidy_string.dbl" />
    <File Path="UtilityRoutines/wndevent_close.dbl" />
    <File Path="UtilityRoutines/write_error_out.dbl" />
  </Folder>
  <Project Path="CodeConverter/CodeConverter/CodeConverter.synproj" Type="bbd0f5d1-1cc4-42fd-ba4c-a96779c64378" Id="c21bb752-5233-469b-acfc-c06b3f774cd7">
    <BuildType Solution="Deploy|Any CPU" Project="Release" />
    <Platform Project="AnyCPU" />
  </Project>
  <Project Path="CodeConverter/CodeConverterInterface/CodeConverterInterface.synproj" Type="bbd0f5d1-1cc4-42fd-ba4c-a96779c64378" Id="5f155bc6-9445-4d9c-b7de-aeff79902b62">
    <BuildType Solution="Deploy|Any CPU" Project="Release" />
    <Platform Project="AnyCPU" />
  </Project>
  <Project Path="CodeGen/CodeGen.synproj" Type="bbd0f5d1-1cc4-42fd-ba4c-a96779c64378" Id="98711369-ed8a-4347-94e7-211798c6899e">
    <BuildDependency Project="CustomExtensionsExample/CustomExtensionsExample.synproj" />
    <BuildDependency Project="HarmonyCoreExtensions/HarmonyCoreExtensions.synproj" />
    <BuildType Solution="Deploy|Any CPU" Project="Release" />
    <Platform Project="AnyCPU" />
    <Build Solution="Debug|x86" Project="false" />
    <Build Solution="Release|x86" Project="false" />
  </Project>
  <Project Path="CodeGenEngine/CodeGenEngine.synproj" Type="bbd0f5d1-1cc4-42fd-ba4c-a96779c64378" Id="47e2444d-9490-4d5f-a8f1-7e3277a010db">
    <BuildType Solution="Deploy|Any CPU" Project="Release" />
    <Platform Project="AnyCPU" />
    <Build Solution="Debug|x86" Project="false" />
    <Build Solution="Release|x86" Project="false" />
  </Project>
  <Project Path="CodeGenSetup/CodeGenSetup.wixproj" Id="ac801722-1323-4fae-a93e-26499b03682e">
    <BuildDependency Project="CodeGen/CodeGen.synproj" />
    <BuildDependency Project="CodeGenEngine/CodeGenEngine.synproj" />
    <BuildDependency Project="CustomExtensionsExample/CustomExtensionsExample.synproj" />
    <BuildDependency Project="RepositoryAPI/RepositoryAPI.synproj" />
    <BuildDependency Project="UnitTests/UnitTests.synproj" />
    <BuildType Solution="Deploy|Any CPU" Project="Release" />
    <BuildType Solution="Deploy|Mixed Platforms" Project="Debug" />
    <BuildType Solution="Deploy|x86" Project="Debug" />
    <Platform Project="x86" />
    <Build Solution="*|x86" />
    <Build Solution="Deploy|Any CPU" />
    <Build Solution="Deploy|Mixed Platforms" />
  </Project>
  <Project Path="CodeGenSetupCustomActions/CodeGenSetupCustomActions.synproj" Type="bbd0f5d1-1cc4-42fd-ba4c-a96779c64378" Id="a4cd260d-17fb-4998-a9a3-351b644c8130">
    <BuildType Solution="Deploy|Any CPU" Project="Release" />
    <Platform Project="AnyCPU" />
  </Project>
  <Project Path="CreateFile/CreateFile.synproj" Type="bbd0f5d1-1cc4-42fd-ba4c-a96779c64378" Id="9a3c4994-dd14-4ff3-a53d-fd3e159815f9">
    <BuildType Solution="Deploy|Any CPU" Project="Release" />
    <Platform Project="AnyCPU" />
    <Build Solution="Debug|x86" Project="false" />
    <Build Solution="Release|x86" Project="false" />
  </Project>
  <Project Path="CustomExtensionsExample/CustomExtensionsExample.synproj" Type="bbd0f5d1-1cc4-42fd-ba4c-a96779c64378" Id="ffedfe69-a671-476d-9be6-42d5e0b25c6a">
    <BuildType Solution="Deploy|Any CPU" Project="Release" />
    <Platform Project="AnyCPU" />
    <Build Solution="Debug|x86" Project="false" />
    <Build Solution="Release|x86" Project="false" />
  </Project>
  <Project Path="HarmonyCoreCodeGen.Core/HarmonyCoreCodeGen.Core.synproj" Type="bbd0f5d1-1cc4-42fd-ba4c-a96779c64378" Id="872ce2f5-5b64-42fa-acbe-f62dd6876f0c">
    <BuildType Solution="Deploy|Any CPU" Project="Release" />
    <Platform Project="AnyCPU" />
  </Project>
  <Project Path="HarmonyCoreExtensions/HarmonyCoreExtensions.synproj" Type="bbd0f5d1-1cc4-42fd-ba4c-a96779c64378" Id="4a8128e3-d462-4e3a-b615-06f3c8c336df">
    <BuildType Solution="Deploy|Any CPU" Project="Release" />
    <Platform Project="AnyCPU" />
  </Project>
  <Project Path="IsamView/IsamView.synproj" Type="bbd0f5d1-1cc4-42fd-ba4c-a96779c64378" Id="575755fc-17e3-4a9b-86f9-97d1e7f59d1b">
    <BuildType Solution="Deploy|Any CPU" Project="Release" />
    <Platform Project="AnyCPU" />
  </Project>
  <Project Path="MapPrep/MapPrep.synproj" Type="bbd0f5d1-1cc4-42fd-ba4c-a96779c64378" Id="cec52694-9626-48aa-bc82-1b16bf552359">
    <BuildType Solution="Deploy|Any CPU" Project="Release" />
    <Platform Project="AnyCPU" />
    <Build Solution="Debug|x86" Project="false" />
    <Build Solution="Release|x86" Project="false" />
  </Project>
  <Project Path="MethodCatalogAPI/MethodCatalogAPI.synproj" Type="bbd0f5d1-1cc4-42fd-ba4c-a96779c64378" Id="2c7880d4-8346-4152-85ab-6dadced18dd3">
    <BuildType Solution="Deploy|Any CPU" Project="Release" />
    <Platform Project="AnyCPU" />
    <Build Solution="Debug|x86" Project="false" />
    <Build Solution="Release|x86" Project="false" />
  </Project>
  <Project Path="MvvmTools/MvvmTools.synproj" Type="bbd0f5d1-1cc4-42fd-ba4c-a96779c64378" Id="e6e6984e-56fb-4b03-9428-e9997b18e933">
    <BuildType Solution="Deploy|Any CPU" Project="Release" />
    <Platform Project="AnyCPU" />
  </Project>
  <Project Path="RepositoryAPI/RepositoryAPI.synproj" Type="bbd0f5d1-1cc4-42fd-ba4c-a96779c64378" Id="cd5c2eaa-951b-4530-a374-f8277a7bcc3a">
    <BuildType Solution="Deploy|Any CPU" Project="Release" />
    <Platform Project="AnyCPU" />
    <Build Solution="Debug|x86" Project="false" />
    <Build Solution="Release|x86" Project="false" />
  </Project>
  <Project Path="RpsInfo/RpsInfo.synproj" Type="bbd0f5d1-1cc4-42fd-ba4c-a96779c64378" Id="5ce774ca-8ec7-401b-8108-0ac02c4e34d6">
    <BuildType Solution="Deploy|Any CPU" Project="Release" />
    <Platform Project="AnyCPU" />
    <Build Solution="Debug|x86" Project="false" />
    <Build Solution="Release|x86" Project="false" />
  </Project>
  <Project Path="SetAssemblyFileVersion/SetAssemblyFileVersion.synproj" Type="bbd0f5d1-1cc4-42fd-ba4c-a96779c64378" Id="cfe3cd39-0b03-4f74-a938-f97c71ede9ec">
    <BuildType Solution="Deploy|Any CPU" Project="Release" />
    <Platform Project="AnyCPU" />
  </Project>
  <Project Path="SmcInfo/SmcInfo.synproj" Type="bbd0f5d1-1cc4-42fd-ba4c-a96779c64378" Id="86e7b520-208e-42b7-9dfd-9000b8030809">
    <BuildType Solution="Deploy|Any CPU" Project="Release" />
    <Platform Project="AnyCPU" />
    <Build Solution="Debug|x86" Project="false" />
    <Build Solution="Release|x86" Project="false" />
  </Project>
  <Project Path="TemplateBrowser/TemplateBrowser.synproj" Type="bbd0f5d1-1cc4-42fd-ba4c-a96779c64378" Id="4fd28506-b5c1-459b-8842-5921d1d20eaf">
    <BuildType Solution="Deploy|Any CPU" Project="Release" />
    <Platform Project="AnyCPU" />
    <Build Solution="Debug|x86" Project="false" />
    <Build Solution="Release|x86" Project="false" />
  </Project>
  <Project Path="UnitTests/UnitTests.synproj" Type="bbd0f5d1-1cc4-42fd-ba4c-a96779c64378" Id="5f86e72b-e05b-42ea-86f6-676642f68edf">
    <BuildType Solution="Deploy|Any CPU" Project="Release" />
    <Platform Project="AnyCPU" />
    <Build Solution="Debug|x86" Project="false" />
    <Build Solution="Release|x86" Project="false" />
  </Project>
</Solution>
