
Microsoft Visual Studio Solution File, Format Version 12.00
# Visual Studio 2013
VisualStudioVersion = 12.0.21005.1
MinimumVisualStudioVersion = 10.0.40219.1
Project("{BBD0F5D1-1CC4-42FD-BA4C-A96779C64378}") = "CodeGen", "CodeGen\CodeGen.synproj", "{22B99A18-DC0A-4AF6-9920-2CAC281AC939}"
EndProject
Project("{2150E333-8FDC-42A3-9474-1A3956D46DE8}") = "Templates", "Templates", "{B273CAC7-9370-41FD-BA10-A4AB94E039EC}"
	ProjectSection(SolutionItems) = preProject
		Templates\CamelCase.dbl = Templates\CamelCase.dbl
		Templates\CanOpenFile.dbl = Templates\CanOpenFile.dbl
		Templates\cs_annotated_class.tkn = Templates\cs_annotated_class.tkn
		Templates\cs_annotated_class.tpl = Templates\cs_annotated_class.tpl
		Templates\cs_asp_data_provider.tpl = Templates\cs_asp_data_provider.tpl
		Templates\cs_class.tpl = Templates\cs_class.tpl
		Templates\cs_mvvm.tkn = Templates\cs_mvvm.tkn
		Templates\cs_mvvm_maint_cancelcommand.tpl = Templates\cs_mvvm_maint_cancelcommand.tpl
		Templates\cs_mvvm_maint_manager.tpl = Templates\cs_mvvm_maint_manager.tpl
		Templates\cs_mvvm_maint_savecommand.tpl = Templates\cs_mvvm_maint_savecommand.tpl
		Templates\cs_mvvm_maint_view.tpl = Templates\cs_mvvm_maint_view.tpl
		Templates\cs_mvvm_maint_view_code.tpl = Templates\cs_mvvm_maint_view_code.tpl
		Templates\cs_mvvm_maint_viewmodel.tpl = Templates\cs_mvvm_maint_viewmodel.tpl
		Templates\cs_mvvm_model.tpl = Templates\cs_mvvm_model.tpl
		Templates\cs_mvvm_model_manual.tpl = Templates\cs_mvvm_model_manual.tpl
		Templates\cs_webform.tpl = Templates\cs_webform.tpl
		Templates\cs_webform_absolute.tpl = Templates\cs_webform_absolute.tpl
		Templates\cs_webform_codebehind.tpl = Templates\cs_webform_codebehind.tpl
		Templates\cs_webform_master.tpl = Templates\cs_webform_master.tpl
		Templates\cs_winform.tpl = Templates\cs_winform.tpl
		Templates\cs_winform_codebehind.tpl = Templates\cs_winform_codebehind.tpl
		Templates\cs_winform_resources.tpl = Templates\cs_winform_resources.tpl
		Templates\cs_xaml.tpl = Templates\cs_xaml.tpl
		Templates\cs_xaml_codebehind.tpl = Templates\cs_xaml_codebehind.tpl
		Templates\cs_xaml_ig.tpl = Templates\cs_xaml_ig.tpl
		Templates\cs_xaml_ig_codebehind.tpl = Templates\cs_xaml_ig_codebehind.tpl
		Templates\DatabaseRoutines.tpl = Templates\DatabaseRoutines.tpl
		Templates\DatabaseRoutinesLoad.tpl = Templates\DatabaseRoutinesLoad.tpl
		Templates\DatabaseRoutinesLoadMapped.tpl = Templates\DatabaseRoutinesLoadMapped.tpl
		Templates\DatabaseRoutinesTest.tpl = Templates\DatabaseRoutinesTest.tpl
		Templates\DatabaseTable.tpl = Templates\DatabaseTable.tpl
		Templates\DatabaseTableBase.tpl = Templates\DatabaseTableBase.tpl
		Templates\DatabaseTableConnection.tpl = Templates\DatabaseTableConnection.tpl
		Templates\DatabaseTableMapped.tpl = Templates\DatabaseTableMapped.tpl
		Templates\DatabaseTableTest.tpl = Templates\DatabaseTableTest.tpl
		Templates\DecimalToMDYString.dbl = Templates\DecimalToMDYString.dbl
		Templates\DecimalToTimeString.dbl = Templates\DecimalToTimeString.dbl
		Templates\html_codegen.tpl = Templates\html_codegen.tpl
		Templates\html_rps_structure_docs.tpl = Templates\html_rps_structure_docs.tpl
		Templates\IsNumeric.dbl = Templates\IsNumeric.dbl
		Templates\IsWhitespace.dbl = Templates\IsWhitespace.dbl
		Templates\json_from_record.tpl = Templates\json_from_record.tpl
		Templates\LowerCase.dbl = Templates\LowerCase.dbl
		Templates\MixedCase.dbl = Templates\MixedCase.dbl
		Templates\oc_class_implementation.tpl = Templates\oc_class_implementation.tpl
		Templates\oc_class_interface.tpl = Templates\oc_class_interface.tpl
		Templates\PascalCase.dbl = Templates\PascalCase.dbl
		Templates\QuotedString.dbl = Templates\QuotedString.dbl
		Templates\RemoveLeading.dbl = Templates\RemoveLeading.dbl
		Templates\ReplaceCharacter.dbl = Templates\ReplaceCharacter.dbl
		Templates\syn_collection.tpl = Templates\syn_collection.tpl
		Templates\syn_collection_test.tpl = Templates\syn_collection_test.tpl
		Templates\syn_csv_export.tpl = Templates\syn_csv_export.tpl
		Templates\syn_data_class.tpl = Templates\syn_data_class.tpl
		Templates\syn_io.tpl = Templates\syn_io.tpl
		Templates\syn_io_replicate.tpl = Templates\syn_io_replicate.tpl
		Templates\syn_multi_data_class.tpl = Templates\syn_multi_data_class.tpl
		Templates\syn_oplock.tpl = Templates\syn_oplock.tpl
		Templates\syn_winform.tpl = Templates\syn_winform.tpl
		Templates\syn_xdl.tpl = Templates\syn_xdl.tpl
		Templates\syn_xml_doc.tpl = Templates\syn_xml_doc.tpl
		Templates\syn_xml_elem.tpl = Templates\syn_xml_elem.tpl
		Templates\syn_xml_export.tpl = Templates\syn_xml_export.tpl
		Templates\syn_xml_export_test.tpl = Templates\syn_xml_export_test.tpl
		Templates\syn_xml_file.tpl = Templates\syn_xml_file.tpl
		Templates\synnet_mvvm.tkn = Templates\synnet_mvvm.tkn
		Templates\synnet_mvvm_data.tpl = Templates\synnet_mvvm_data.tpl
		Templates\synnet_mvvm_data_util.tpl = Templates\synnet_mvvm_data_util.tpl
		Templates\synnet_mvvm_global_resources.tpl = Templates\synnet_mvvm_global_resources.tpl
		Templates\synnet_mvvm_relay_command.tpl = Templates\synnet_mvvm_relay_command.tpl
		Templates\synnet_mvvm_view_list.tpl = Templates\synnet_mvvm_view_list.tpl
		Templates\synnet_mvvm_view_list_code.tpl = Templates\synnet_mvvm_view_list_code.tpl
		Templates\synnet_mvvm_view_maint.tpl = Templates\synnet_mvvm_view_maint.tpl
		Templates\synnet_mvvm_view_maint_code.tpl = Templates\synnet_mvvm_view_maint_code.tpl
		Templates\synnet_mvvm_view_statemanager.tpl = Templates\synnet_mvvm_view_statemanager.tpl
		Templates\synnet_mvvm_vm.tpl = Templates\synnet_mvvm_vm.tpl
		Templates\synnet_mvvm_vm_list.tpl = Templates\synnet_mvvm_vm_list.tpl
		Templates\synnet_mvvm_vm_maint.tpl = Templates\synnet_mvvm_vm_maint.tpl
		Templates\synnet_mvvm_vm_tk.tpl = Templates\synnet_mvvm_vm_tk.tpl
		Templates\tk_change.tpl = Templates\tk_change.tpl
		Templates\tk_department.tkn = Templates\tk_department.tkn
		Templates\tk_drill.tpl = Templates\tk_drill.tpl
		Templates\tk_input_window.tpl = Templates\tk_input_window.tpl
		Templates\tk_io.tpl = Templates\tk_io.tpl
		Templates\tk_lookup.tpl = Templates\tk_lookup.tpl
		Templates\tk_maint_simple.tpl = Templates\tk_maint_simple.tpl
		Templates\tk_maint_tab.tpl = Templates\tk_maint_tab.tpl
		Templates\tk_search.tpl = Templates\tk_search.tpl
		Templates\UpperCase.dbl = Templates\UpperCase.dbl
		Templates\vb_class.tpl = Templates\vb_class.tpl
		Templates\vb_webform.tpl = Templates\vb_webform.tpl
		Templates\vb_webform_absolute.tpl = Templates\vb_webform_absolute.tpl
		Templates\vb_webform_codebehind.tpl = Templates\vb_webform_codebehind.tpl
		Templates\vb_webform_master.tpl = Templates\vb_webform_master.tpl
		Templates\vb_winform.tpl = Templates\vb_winform.tpl
		Templates\vb_winform_codebehind.tpl = Templates\vb_winform_codebehind.tpl
		Templates\vb_winform_resources.tpl = Templates\vb_winform_resources.tpl
		Templates\vb_xaml.tpl = Templates\vb_xaml.tpl
		Templates\vb_xaml_codebehind.tpl = Templates\vb_xaml_codebehind.tpl
		Templates\xf_java_add.tpl = Templates\xf_java_add.tpl
		Templates\xf_java_can_delete.tpl = Templates\xf_java_can_delete.tpl
		Templates\xf_java_delete.tpl = Templates\xf_java_delete.tpl
		Templates\xf_java_get.tpl = Templates\xf_java_get.tpl
		Templates\xf_java_get_all.tpl = Templates\xf_java_get_all.tpl
		Templates\xf_java_update.tpl = Templates\xf_java_update.tpl
		Templates\xf_java_user_tokens.tkn = Templates\xf_java_user_tokens.tkn
		Templates\xf_java_validate.tpl = Templates\xf_java_validate.tpl
		Templates\xf_net_add.tpl = Templates\xf_net_add.tpl
		Templates\xf_net_can_delete.tpl = Templates\xf_net_can_delete.tpl
		Templates\xf_net_delete.tpl = Templates\xf_net_delete.tpl
		Templates\xf_net_get.tpl = Templates\xf_net_get.tpl
		Templates\xf_net_get_all.tpl = Templates\xf_net_get_all.tpl
		Templates\xf_net_get_master_detail.tpl = Templates\xf_net_get_master_detail.tpl
		Templates\xf_net_select_all.tpl = Templates\xf_net_select_all.tpl
		Templates\xf_net_update.tpl = Templates\xf_net_update.tpl
		Templates\xf_net_user_tokens.tkn = Templates\xf_net_user_tokens.tkn
		Templates\xf_net_validate.tpl = Templates\xf_net_validate.tpl
		Templates\XfCase.dbl = Templates\XfCase.dbl
	EndProjectSection
EndProject
Project("{BBD0F5D1-1CC4-42FD-BA4C-A96779C64378}") = "RepositoryAPI", "RepositoryAPI\RepositoryAPI.synproj", "{CD5C2EAA-951B-4530-A374-F8277A7BCC3A}"
EndProject
Project("{BBD0F5D1-1CC4-42FD-BA4C-A96779C64378}") = "CodeGenEngine", "CodeGenEngine\CodeGenEngine.synproj", "{47E2444D-9490-4D5F-A8F1-7E3277A010DB}"
EndProject
Project("{BBD0F5D1-1CC4-42FD-BA4C-A96779C64378}") = "MapPrep", "MapPrep\MapPrep.synproj", "{CEC52694-9626-48AA-BC82-1B16BF552359}"
EndProject
Project("{2150E333-8FDC-42A3-9474-1A3956D46DE8}") = "UtilityRoutines", "UtilityRoutines", "{B000A0E3-CC41-487F-B2BC-246C1CF5ECD5}"
	ProjectSection(SolutionItems) = preProject
		UtilityRoutines\channel_cache.dbl = UtilityRoutines\channel_cache.dbl
		UtilityRoutines\dd_createfile.dbl = UtilityRoutines\dd_createfile.dbl
		UtilityRoutines\dd_createxdl.dbl = UtilityRoutines\dd_createxdl.dbl
		UtilityRoutines\display_local_fields.dbl = UtilityRoutines\display_local_fields.dbl
		UtilityRoutines\display_local_fields.def = UtilityRoutines\display_local_fields.def
		UtilityRoutines\entrst_method.dbl = UtilityRoutines\entrst_method.dbl
		UtilityRoutines\extract_window_data.dbl = UtilityRoutines\extract_window_data.dbl
		UtilityRoutines\headings_from_window.dbl = UtilityRoutines\headings_from_window.dbl
		UtilityRoutines\i_checkdata.dbl = UtilityRoutines\i_checkdata.dbl
		UtilityRoutines\io.dbl = UtilityRoutines\io.dbl
		UtilityRoutines\io.def = UtilityRoutines\io.def
		UtilityRoutines\ioerr.def = UtilityRoutines\ioerr.def
		UtilityRoutines\IsNumeric.dbl = UtilityRoutines\IsNumeric.dbl
		UtilityRoutines\position_window.dbl = UtilityRoutines\position_window.dbl
		UtilityRoutines\print_control.def = UtilityRoutines\print_control.def
		UtilityRoutines\print_list.dbl = UtilityRoutines\print_list.dbl
		UtilityRoutines\print_routines.dbl = UtilityRoutines\print_routines.dbl
		UtilityRoutines\print_window.dbl = UtilityRoutines\print_window.dbl
		UtilityRoutines\remove_leading.dbl = UtilityRoutines\remove_leading.dbl
		UtilityRoutines\replicate.dbl = UtilityRoutines\replicate.dbl
		UtilityRoutines\show_io_error.dbl = UtilityRoutines\show_io_error.dbl
		UtilityRoutines\structure_io.def = UtilityRoutines\structure_io.def
		UtilityRoutines\system.def = UtilityRoutines\system.def
		UtilityRoutines\tidy_string.dbl = UtilityRoutines\tidy_string.dbl
		UtilityRoutines\wndevent_close.dbl = UtilityRoutines\wndevent_close.dbl
		UtilityRoutines\write_error_out.dbl = UtilityRoutines\write_error_out.dbl
	EndProjectSection
EndProject
Project("{BBD0F5D1-1CC4-42FD-BA4C-A96779C64378}") = "RpsInfo", "RpsInfo\RpsInfo.synproj", "{5CE774CA-8EC7-401B-8108-0AC02C4E34D6}"
EndProject
Project("{2150E333-8FDC-42A3-9474-1A3956D46DE8}") = "TraditionalSynergy", "TraditionalSynergy", "{3E51E299-3317-4028-84FA-D5C9F4CACBCF}"
EndProject
Project("{2150E333-8FDC-42A3-9474-1A3956D46DE8}") = "Windows", "Windows", "{64FC69CA-CC7E-4440-8A80-A32436C64FFA}"
	ProjectSection(SolutionItems) = preProject
		TraditionalSynergy\Windows\build.bat = TraditionalSynergy\Windows\build.bat
		TraditionalSynergy\Windows\clean.bat = TraditionalSynergy\Windows\clean.bat
		TraditionalSynergy\Windows\CodeGen.vpw = TraditionalSynergy\Windows\CodeGen.vpw
	EndProjectSection
EndProject
Project("{2150E333-8FDC-42A3-9474-1A3956D46DE8}") = "Unix", "Unix", "{9E30AABA-8B46-44F0-A4E3-091647667A5F}"
	ProjectSection(SolutionItems) = preProject
		TraditionalSynergy\Unix\build = TraditionalSynergy\Unix\build
		TraditionalSynergy\Unix\create_install = TraditionalSynergy\Unix\create_install
		TraditionalSynergy\Unix\install_readme = TraditionalSynergy\Unix\install_readme
		TraditionalSynergy\Unix\install_setup = TraditionalSynergy\Unix\install_setup
		TraditionalSynergy\Unix\ReadMe.txt = TraditionalSynergy\Unix\ReadMe.txt
	EndProjectSection
EndProject
Project("{2150E333-8FDC-42A3-9474-1A3956D46DE8}") = "OpenVMS", "OpenVMS", "{99C6A7FA-C397-411C-88B4-DBC7E59629C6}"
	ProjectSection(SolutionItems) = preProject
		TraditionalSynergy\OpenVMS\build.com = TraditionalSynergy\OpenVMS\build.com
		TraditionalSynergy\OpenVMS\clean.com = TraditionalSynergy\OpenVMS\clean.com
		TraditionalSynergy\OpenVMS\codegen.opt = TraditionalSynergy\OpenVMS\codegen.opt
		TraditionalSynergy\OpenVMS\create_install.com = TraditionalSynergy\OpenVMS\create_install.com
		TraditionalSynergy\OpenVMS\install_readme.txt = TraditionalSynergy\OpenVMS\install_readme.txt
		TraditionalSynergy\OpenVMS\install_setup.com = TraditionalSynergy\OpenVMS\install_setup.com
		TraditionalSynergy\OpenVMS\ReadMe.txt = TraditionalSynergy\OpenVMS\ReadMe.txt
		TraditionalSynergy\OpenVMS\setup.com = TraditionalSynergy\OpenVMS\setup.com
	EndProjectSection
EndProject
Project("{2150E333-8FDC-42A3-9474-1A3956D46DE8}") = "Documentation", "Documentation", "{BB3F0735-F36E-401C-BBCC-6DD938753EEA}"
	ProjectSection(SolutionItems) = preProject
		Documentation\CodeGen.chm = Documentation\CodeGen.chm
		Documentation\CodeGen.hsm = Documentation\CodeGen.hsm
		CodePlex Release Procedure.txt = CodePlex Release Procedure.txt
		Documentation\Help.ico = Documentation\Help.ico
		license.rtf = license.rtf
		license.txt = license.txt
	EndProjectSection
EndProject
Project("{BBD0F5D1-1CC4-42FD-BA4C-A96779C64378}") = "CreateFile", "CreateFile\CreateFile.synproj", "{9A3C4994-DD14-4FF3-A53D-FD3E159815F9}"
EndProject
Project("{BBD0F5D1-1CC4-42FD-BA4C-A96779C64378}") = "CustomTokenExample", "CustomTokenExample\CustomTokenExample.synproj", "{62D276E3-58BA-40A6-AD85-72DA1B1DC93E}"
EndProject
Project("{2150E333-8FDC-42A3-9474-1A3956D46DE8}") = "prj", "prj", "{1A9B5F4A-ABF0-4532-A030-1EF9AB4525D7}"
	ProjectSection(SolutionItems) = preProject
		TraditionalSynergy\Windows\prj\CodeGen.sde = TraditionalSynergy\Windows\prj\CodeGen.sde
		TraditionalSynergy\Windows\prj\CodeGen.vpj = TraditionalSynergy\Windows\prj\CodeGen.vpj
		TraditionalSynergy\Windows\prj\CodeGenEngine.sde = TraditionalSynergy\Windows\prj\CodeGenEngine.sde
		TraditionalSynergy\Windows\prj\CodeGenEngine.vpj = TraditionalSynergy\Windows\prj\CodeGenEngine.vpj
		TraditionalSynergy\Windows\prj\CreateFile.sde = TraditionalSynergy\Windows\prj\CreateFile.sde
		TraditionalSynergy\Windows\prj\CreateFile.vpj = TraditionalSynergy\Windows\prj\CreateFile.vpj
		TraditionalSynergy\Windows\prj\CustomTokenExample.sde = TraditionalSynergy\Windows\prj\CustomTokenExample.sde
		TraditionalSynergy\Windows\prj\CustomTokenExample.vpj = TraditionalSynergy\Windows\prj\CustomTokenExample.vpj
		TraditionalSynergy\Windows\prj\MapPrep.sde = TraditionalSynergy\Windows\prj\MapPrep.sde
		TraditionalSynergy\Windows\prj\MapPrep.vpj = TraditionalSynergy\Windows\prj\MapPrep.vpj
		TraditionalSynergy\Windows\prj\MethodCatalogAPI.sde = TraditionalSynergy\Windows\prj\MethodCatalogAPI.sde
		TraditionalSynergy\Windows\prj\MethodCatalogAPI.vpj = TraditionalSynergy\Windows\prj\MethodCatalogAPI.vpj
		TraditionalSynergy\Windows\prj\RepositoryAPI.sde = TraditionalSynergy\Windows\prj\RepositoryAPI.sde
		TraditionalSynergy\Windows\prj\RepositoryAPI.vpj = TraditionalSynergy\Windows\prj\RepositoryAPI.vpj
		TraditionalSynergy\Windows\prj\RpsInfo.sde = TraditionalSynergy\Windows\prj\RpsInfo.sde
		TraditionalSynergy\Windows\prj\RpsInfo.vpj = TraditionalSynergy\Windows\prj\RpsInfo.vpj
		TraditionalSynergy\Windows\prj\SampleTemplates.sde = TraditionalSynergy\Windows\prj\SampleTemplates.sde
		TraditionalSynergy\Windows\prj\SampleTemplates.vpj = TraditionalSynergy\Windows\prj\SampleTemplates.vpj
	EndProjectSection
EndProject
Project("{2150E333-8FDC-42A3-9474-1A3956D46DE8}") = "Installer", "Installer", "{3697A598-2F41-4592-9E18-50276C4A4515}"
	ProjectSection(SolutionItems) = preProject
		Installer\banner.jpg = Installer\banner.jpg
		Installer\CodeGen Web Site.url = Installer\CodeGen Web Site.url
		Installer\readme.txt = Installer\readme.txt
		Installer\Uninstall.ico = Installer\Uninstall.ico
		Installer\welcome.jpg = Installer\welcome.jpg
	EndProjectSection
EndProject
Project("{BBD0F5D1-1CC4-42FD-BA4C-A96779C64378}") = "RpsBrowser", "RpsBrowser\RpsBrowser.synproj", "{A2D6A499-E967-41EA-B2BC-3F74B3C415FD}"
EndProject
Project("{BBD0F5D1-1CC4-42FD-BA4C-A96779C64378}") = "CodeGenTaskManager", "CodeGenTaskManager\CodeGenTaskManager.synproj", "{343B9CB1-1666-4AB7-94A1-96619F02CA72}"
EndProject
Project("{6141683F-8A12-4E36-9623-2EB02B2C2303}") = "CodeGenSetup", "CodeGenSetup\CodeGenSetup.isproj", "{B03BDB18-32EE-4D4A-8F0E-DA82CE3D87F6}"
EndProject
Project("{BBD0F5D1-1CC4-42FD-BA4C-A96779C64378}") = "UnitTests", "UnitTests\UnitTests.synproj", "{62322785-7AD1-4064-AD12-A2B89AC8F58E}"
EndProject
Project("{BBD0F5D1-1CC4-42FD-BA4C-A96779C64378}") = "MethodCatalogAPI", "MethodCatalogAPI\MethodCatalogAPI.synproj", "{2C7880D4-8346-4152-85AB-6DADCED18DD3}"
EndProject
Global
	GlobalSection(TeamFoundationVersionControl) = preSolution
		SccNumberOfProjects = 13
		SccEnterpriseProvider = {4CA58AB2-18FA-4F8D-95D4-32DDF27D184C}
		SccTeamFoundationServer = https://tfs.codeplex.com/tfs/tfs35
		SccLocalPath0 = .
		SccProjectUniqueName1 = CodeGen\\CodeGen.synproj
		SccProjectName1 = CodeGen
		SccLocalPath1 = CodeGen
		SccProjectUniqueName2 = CodeGenEngine\\CodeGenEngine.synproj
		SccProjectName2 = CodeGenEngine
		SccLocalPath2 = CodeGenEngine
		SccProjectUniqueName3 = MapPrep\\MapPrep.synproj
		SccProjectName3 = MapPrep
		SccLocalPath3 = MapPrep
		SccProjectUniqueName4 = RepositoryAPI\\RepositoryAPI.synproj
		SccProjectName4 = RepositoryAPI
		SccLocalPath4 = RepositoryAPI
		SccProjectUniqueName5 = RpsInfo\\RpsInfo.synproj
		SccProjectName5 = RpsInfo
		SccLocalPath5 = RpsInfo
		SccProjectUniqueName6 = CreateFile\\CreateFile.synproj
		SccProjectName6 = CreateFile
		SccLocalPath6 = CreateFile
		SccProjectUniqueName7 = CustomTokenExample\\CustomTokenExample.synproj
		SccProjectName7 = CustomTokenExample
		SccLocalPath7 = CustomTokenExample
		SccProjectUniqueName8 = RpsBrowser\\RpsBrowser.synproj
		SccProjectName8 = RpsBrowser
		SccLocalPath8 = RpsBrowser
		SccProjectUniqueName9 = CodeGenTaskManager\\CodeGenTaskManager.synproj
		SccProjectName9 = CodeGenTaskManager
		SccLocalPath9 = CodeGenTaskManager
		SccProjectUniqueName10 = CodeGenSetup\\CodeGenSetup.isproj
		SccProjectName10 = CodeGenSetup
		SccLocalPath10 = CodeGenSetup
		SccProjectUniqueName11 = UnitTests\\UnitTests.synproj
		SccProjectName11 = UnitTests
		SccLocalPath11 = UnitTests
		SccProjectUniqueName12 = MethodCatalogAPI\\MethodCatalogAPI.synproj
		SccProjectName12 = MethodCatalogAPI
		SccLocalPath12 = MethodCatalogAPI
	EndGlobalSection
	GlobalSection(SolutionConfigurationPlatforms) = preSolution
		CD_ROM|Any CPU = CD_ROM|Any CPU
		Debug|Any CPU = Debug|Any CPU
		DVD-5|Any CPU = DVD-5|Any CPU
		Release|Any CPU = Release|Any CPU
		SingleImage|Any CPU = SingleImage|Any CPU
	EndGlobalSection
	GlobalSection(ProjectConfigurationPlatforms) = postSolution
		{22B99A18-DC0A-4AF6-9920-2CAC281AC939}.CD_ROM|Any CPU.ActiveCfg = Release|Any CPU
		{22B99A18-DC0A-4AF6-9920-2CAC281AC939}.CD_ROM|Any CPU.Build.0 = Release|Any CPU
		{22B99A18-DC0A-4AF6-9920-2CAC281AC939}.Debug|Any CPU.ActiveCfg = Debug|Any CPU
		{22B99A18-DC0A-4AF6-9920-2CAC281AC939}.Debug|Any CPU.Build.0 = Debug|Any CPU
		{22B99A18-DC0A-4AF6-9920-2CAC281AC939}.DVD-5|Any CPU.ActiveCfg = Debug|Any CPU
		{22B99A18-DC0A-4AF6-9920-2CAC281AC939}.DVD-5|Any CPU.Build.0 = Debug|Any CPU
		{22B99A18-DC0A-4AF6-9920-2CAC281AC939}.Release|Any CPU.ActiveCfg = Release|Any CPU
		{22B99A18-DC0A-4AF6-9920-2CAC281AC939}.Release|Any CPU.Build.0 = Release|Any CPU
		{22B99A18-DC0A-4AF6-9920-2CAC281AC939}.SingleImage|Any CPU.ActiveCfg = Release|Any CPU
		{22B99A18-DC0A-4AF6-9920-2CAC281AC939}.SingleImage|Any CPU.Build.0 = Release|Any CPU
		{CD5C2EAA-951B-4530-A374-F8277A7BCC3A}.CD_ROM|Any CPU.ActiveCfg = Release|Any CPU
		{CD5C2EAA-951B-4530-A374-F8277A7BCC3A}.CD_ROM|Any CPU.Build.0 = Release|Any CPU
		{CD5C2EAA-951B-4530-A374-F8277A7BCC3A}.Debug|Any CPU.ActiveCfg = Debug|Any CPU
		{CD5C2EAA-951B-4530-A374-F8277A7BCC3A}.Debug|Any CPU.Build.0 = Debug|Any CPU
		{CD5C2EAA-951B-4530-A374-F8277A7BCC3A}.DVD-5|Any CPU.ActiveCfg = Debug|Any CPU
		{CD5C2EAA-951B-4530-A374-F8277A7BCC3A}.DVD-5|Any CPU.Build.0 = Debug|Any CPU
		{CD5C2EAA-951B-4530-A374-F8277A7BCC3A}.Release|Any CPU.ActiveCfg = Release|Any CPU
		{CD5C2EAA-951B-4530-A374-F8277A7BCC3A}.Release|Any CPU.Build.0 = Release|Any CPU
		{CD5C2EAA-951B-4530-A374-F8277A7BCC3A}.SingleImage|Any CPU.ActiveCfg = Release|Any CPU
		{CD5C2EAA-951B-4530-A374-F8277A7BCC3A}.SingleImage|Any CPU.Build.0 = Release|Any CPU
		{47E2444D-9490-4D5F-A8F1-7E3277A010DB}.CD_ROM|Any CPU.ActiveCfg = Release|Any CPU
		{47E2444D-9490-4D5F-A8F1-7E3277A010DB}.CD_ROM|Any CPU.Build.0 = Release|Any CPU
		{47E2444D-9490-4D5F-A8F1-7E3277A010DB}.Debug|Any CPU.ActiveCfg = Debug|Any CPU
		{47E2444D-9490-4D5F-A8F1-7E3277A010DB}.Debug|Any CPU.Build.0 = Debug|Any CPU
		{47E2444D-9490-4D5F-A8F1-7E3277A010DB}.DVD-5|Any CPU.ActiveCfg = Debug|Any CPU
		{47E2444D-9490-4D5F-A8F1-7E3277A010DB}.DVD-5|Any CPU.Build.0 = Debug|Any CPU
		{47E2444D-9490-4D5F-A8F1-7E3277A010DB}.Release|Any CPU.ActiveCfg = Release|Any CPU
		{47E2444D-9490-4D5F-A8F1-7E3277A010DB}.Release|Any CPU.Build.0 = Release|Any CPU
		{47E2444D-9490-4D5F-A8F1-7E3277A010DB}.SingleImage|Any CPU.ActiveCfg = Release|Any CPU
		{47E2444D-9490-4D5F-A8F1-7E3277A010DB}.SingleImage|Any CPU.Build.0 = Release|Any CPU
		{CEC52694-9626-48AA-BC82-1B16BF552359}.CD_ROM|Any CPU.ActiveCfg = Release|Any CPU
		{CEC52694-9626-48AA-BC82-1B16BF552359}.CD_ROM|Any CPU.Build.0 = Release|Any CPU
		{CEC52694-9626-48AA-BC82-1B16BF552359}.Debug|Any CPU.ActiveCfg = Debug|Any CPU
		{CEC52694-9626-48AA-BC82-1B16BF552359}.Debug|Any CPU.Build.0 = Debug|Any CPU
		{CEC52694-9626-48AA-BC82-1B16BF552359}.DVD-5|Any CPU.ActiveCfg = Debug|Any CPU
		{CEC52694-9626-48AA-BC82-1B16BF552359}.DVD-5|Any CPU.Build.0 = Debug|Any CPU
		{CEC52694-9626-48AA-BC82-1B16BF552359}.Release|Any CPU.ActiveCfg = Release|Any CPU
		{CEC52694-9626-48AA-BC82-1B16BF552359}.Release|Any CPU.Build.0 = Release|Any CPU
		{CEC52694-9626-48AA-BC82-1B16BF552359}.SingleImage|Any CPU.ActiveCfg = Release|Any CPU
		{CEC52694-9626-48AA-BC82-1B16BF552359}.SingleImage|Any CPU.Build.0 = Release|Any CPU
		{5CE774CA-8EC7-401B-8108-0AC02C4E34D6}.CD_ROM|Any CPU.ActiveCfg = Release|Any CPU
		{5CE774CA-8EC7-401B-8108-0AC02C4E34D6}.CD_ROM|Any CPU.Build.0 = Release|Any CPU
		{5CE774CA-8EC7-401B-8108-0AC02C4E34D6}.Debug|Any CPU.ActiveCfg = Debug|Any CPU
		{5CE774CA-8EC7-401B-8108-0AC02C4E34D6}.Debug|Any CPU.Build.0 = Debug|Any CPU
		{5CE774CA-8EC7-401B-8108-0AC02C4E34D6}.DVD-5|Any CPU.ActiveCfg = Debug|Any CPU
		{5CE774CA-8EC7-401B-8108-0AC02C4E34D6}.DVD-5|Any CPU.Build.0 = Debug|Any CPU
		{5CE774CA-8EC7-401B-8108-0AC02C4E34D6}.Release|Any CPU.ActiveCfg = Release|Any CPU
		{5CE774CA-8EC7-401B-8108-0AC02C4E34D6}.Release|Any CPU.Build.0 = Release|Any CPU
		{5CE774CA-8EC7-401B-8108-0AC02C4E34D6}.SingleImage|Any CPU.ActiveCfg = Release|Any CPU
		{5CE774CA-8EC7-401B-8108-0AC02C4E34D6}.SingleImage|Any CPU.Build.0 = Release|Any CPU
		{9A3C4994-DD14-4FF3-A53D-FD3E159815F9}.CD_ROM|Any CPU.ActiveCfg = Release|Any CPU
		{9A3C4994-DD14-4FF3-A53D-FD3E159815F9}.CD_ROM|Any CPU.Build.0 = Release|Any CPU
		{9A3C4994-DD14-4FF3-A53D-FD3E159815F9}.Debug|Any CPU.ActiveCfg = Debug|Any CPU
		{9A3C4994-DD14-4FF3-A53D-FD3E159815F9}.Debug|Any CPU.Build.0 = Debug|Any CPU
		{9A3C4994-DD14-4FF3-A53D-FD3E159815F9}.DVD-5|Any CPU.ActiveCfg = Debug|Any CPU
		{9A3C4994-DD14-4FF3-A53D-FD3E159815F9}.DVD-5|Any CPU.Build.0 = Debug|Any CPU
		{9A3C4994-DD14-4FF3-A53D-FD3E159815F9}.Release|Any CPU.ActiveCfg = Release|Any CPU
		{9A3C4994-DD14-4FF3-A53D-FD3E159815F9}.Release|Any CPU.Build.0 = Release|Any CPU
		{9A3C4994-DD14-4FF3-A53D-FD3E159815F9}.SingleImage|Any CPU.ActiveCfg = Release|Any CPU
		{9A3C4994-DD14-4FF3-A53D-FD3E159815F9}.SingleImage|Any CPU.Build.0 = Release|Any CPU
		{62D276E3-58BA-40A6-AD85-72DA1B1DC93E}.CD_ROM|Any CPU.ActiveCfg = Release|Any CPU
		{62D276E3-58BA-40A6-AD85-72DA1B1DC93E}.CD_ROM|Any CPU.Build.0 = Release|Any CPU
		{62D276E3-58BA-40A6-AD85-72DA1B1DC93E}.Debug|Any CPU.ActiveCfg = Debug|Any CPU
		{62D276E3-58BA-40A6-AD85-72DA1B1DC93E}.DVD-5|Any CPU.ActiveCfg = Debug|Any CPU
		{62D276E3-58BA-40A6-AD85-72DA1B1DC93E}.DVD-5|Any CPU.Build.0 = Debug|Any CPU
		{62D276E3-58BA-40A6-AD85-72DA1B1DC93E}.Release|Any CPU.ActiveCfg = Release|Any CPU
		{62D276E3-58BA-40A6-AD85-72DA1B1DC93E}.SingleImage|Any CPU.ActiveCfg = Release|Any CPU
		{62D276E3-58BA-40A6-AD85-72DA1B1DC93E}.SingleImage|Any CPU.Build.0 = Release|Any CPU
		{A2D6A499-E967-41EA-B2BC-3F74B3C415FD}.CD_ROM|Any CPU.ActiveCfg = Release|Any CPU
		{A2D6A499-E967-41EA-B2BC-3F74B3C415FD}.CD_ROM|Any CPU.Build.0 = Release|Any CPU
		{A2D6A499-E967-41EA-B2BC-3F74B3C415FD}.Debug|Any CPU.ActiveCfg = Debug|Any CPU
		{A2D6A499-E967-41EA-B2BC-3F74B3C415FD}.Debug|Any CPU.Build.0 = Debug|Any CPU
		{A2D6A499-E967-41EA-B2BC-3F74B3C415FD}.DVD-5|Any CPU.ActiveCfg = Debug|Any CPU
		{A2D6A499-E967-41EA-B2BC-3F74B3C415FD}.DVD-5|Any CPU.Build.0 = Debug|Any CPU
		{A2D6A499-E967-41EA-B2BC-3F74B3C415FD}.Release|Any CPU.ActiveCfg = Release|Any CPU
		{A2D6A499-E967-41EA-B2BC-3F74B3C415FD}.Release|Any CPU.Build.0 = Release|Any CPU
		{A2D6A499-E967-41EA-B2BC-3F74B3C415FD}.SingleImage|Any CPU.ActiveCfg = Release|Any CPU
		{A2D6A499-E967-41EA-B2BC-3F74B3C415FD}.SingleImage|Any CPU.Build.0 = Release|Any CPU
		{343B9CB1-1666-4AB7-94A1-96619F02CA72}.CD_ROM|Any CPU.ActiveCfg = Release|Any CPU
		{343B9CB1-1666-4AB7-94A1-96619F02CA72}.CD_ROM|Any CPU.Build.0 = Release|Any CPU
		{343B9CB1-1666-4AB7-94A1-96619F02CA72}.Debug|Any CPU.ActiveCfg = Debug|Any CPU
		{343B9CB1-1666-4AB7-94A1-96619F02CA72}.Debug|Any CPU.Build.0 = Debug|Any CPU
		{343B9CB1-1666-4AB7-94A1-96619F02CA72}.DVD-5|Any CPU.ActiveCfg = Debug|Any CPU
		{343B9CB1-1666-4AB7-94A1-96619F02CA72}.DVD-5|Any CPU.Build.0 = Debug|Any CPU
		{343B9CB1-1666-4AB7-94A1-96619F02CA72}.Release|Any CPU.ActiveCfg = Release|Any CPU
		{343B9CB1-1666-4AB7-94A1-96619F02CA72}.Release|Any CPU.Build.0 = Release|Any CPU
		{343B9CB1-1666-4AB7-94A1-96619F02CA72}.SingleImage|Any CPU.ActiveCfg = Release|Any CPU
		{343B9CB1-1666-4AB7-94A1-96619F02CA72}.SingleImage|Any CPU.Build.0 = Release|Any CPU
		{B03BDB18-32EE-4D4A-8F0E-DA82CE3D87F6}.CD_ROM|Any CPU.ActiveCfg = CD_ROM
		{B03BDB18-32EE-4D4A-8F0E-DA82CE3D87F6}.CD_ROM|Any CPU.Build.0 = CD_ROM
		{B03BDB18-32EE-4D4A-8F0E-DA82CE3D87F6}.Debug|Any CPU.ActiveCfg = SingleImage
		{B03BDB18-32EE-4D4A-8F0E-DA82CE3D87F6}.DVD-5|Any CPU.ActiveCfg = DVD-5
		{B03BDB18-32EE-4D4A-8F0E-DA82CE3D87F6}.DVD-5|Any CPU.Build.0 = DVD-5
		{B03BDB18-32EE-4D4A-8F0E-DA82CE3D87F6}.Release|Any CPU.ActiveCfg = SingleImage
		{B03BDB18-32EE-4D4A-8F0E-DA82CE3D87F6}.SingleImage|Any CPU.ActiveCfg = SingleImage
		{B03BDB18-32EE-4D4A-8F0E-DA82CE3D87F6}.SingleImage|Any CPU.Build.0 = SingleImage
		{62322785-7AD1-4064-AD12-A2B89AC8F58E}.CD_ROM|Any CPU.ActiveCfg = Release|Any CPU
		{62322785-7AD1-4064-AD12-A2B89AC8F58E}.CD_ROM|Any CPU.Build.0 = Release|Any CPU
		{62322785-7AD1-4064-AD12-A2B89AC8F58E}.Debug|Any CPU.ActiveCfg = Debug|Any CPU
		{62322785-7AD1-4064-AD12-A2B89AC8F58E}.Debug|Any CPU.Build.0 = Debug|Any CPU
		{62322785-7AD1-4064-AD12-A2B89AC8F58E}.DVD-5|Any CPU.ActiveCfg = Debug|Any CPU
		{62322785-7AD1-4064-AD12-A2B89AC8F58E}.DVD-5|Any CPU.Build.0 = Debug|Any CPU
		{62322785-7AD1-4064-AD12-A2B89AC8F58E}.Release|Any CPU.ActiveCfg = Release|Any CPU
		{62322785-7AD1-4064-AD12-A2B89AC8F58E}.Release|Any CPU.Build.0 = Release|Any CPU
		{62322785-7AD1-4064-AD12-A2B89AC8F58E}.SingleImage|Any CPU.ActiveCfg = Release|Any CPU
		{62322785-7AD1-4064-AD12-A2B89AC8F58E}.SingleImage|Any CPU.Build.0 = Release|Any CPU
		{2C7880D4-8346-4152-85AB-6DADCED18DD3}.CD_ROM|Any CPU.ActiveCfg = Release|Any CPU
		{2C7880D4-8346-4152-85AB-6DADCED18DD3}.CD_ROM|Any CPU.Build.0 = Release|Any CPU
		{2C7880D4-8346-4152-85AB-6DADCED18DD3}.Debug|Any CPU.ActiveCfg = Debug|Any CPU
		{2C7880D4-8346-4152-85AB-6DADCED18DD3}.Debug|Any CPU.Build.0 = Debug|Any CPU
		{2C7880D4-8346-4152-85AB-6DADCED18DD3}.DVD-5|Any CPU.ActiveCfg = Debug|Any CPU
		{2C7880D4-8346-4152-85AB-6DADCED18DD3}.DVD-5|Any CPU.Build.0 = Debug|Any CPU
		{2C7880D4-8346-4152-85AB-6DADCED18DD3}.Release|Any CPU.ActiveCfg = Release|Any CPU
		{2C7880D4-8346-4152-85AB-6DADCED18DD3}.Release|Any CPU.Build.0 = Release|Any CPU
		{2C7880D4-8346-4152-85AB-6DADCED18DD3}.SingleImage|Any CPU.ActiveCfg = Release|Any CPU
		{2C7880D4-8346-4152-85AB-6DADCED18DD3}.SingleImage|Any CPU.Build.0 = Release|Any CPU
	EndGlobalSection
	GlobalSection(SolutionProperties) = preSolution
		HideSolutionNode = FALSE
	EndGlobalSection
	GlobalSection(NestedProjects) = preSolution
		{64FC69CA-CC7E-4440-8A80-A32436C64FFA} = {3E51E299-3317-4028-84FA-D5C9F4CACBCF}
		{9E30AABA-8B46-44F0-A4E3-091647667A5F} = {3E51E299-3317-4028-84FA-D5C9F4CACBCF}
		{99C6A7FA-C397-411C-88B4-DBC7E59629C6} = {3E51E299-3317-4028-84FA-D5C9F4CACBCF}
		{1A9B5F4A-ABF0-4532-A030-1EF9AB4525D7} = {64FC69CA-CC7E-4440-8A80-A32436C64FFA}
	EndGlobalSection
EndGlobal
