
Microsoft Visual Studio Solution File, Format Version 12.00
# Visual Studio 2013
VisualStudioVersion = 12.0.31101.0
MinimumVisualStudioVersion = 10.0.40219.1
Project("{2150E333-8FDC-42A3-9474-1A3956D46DE8}") = "SampleTemplates", "SampleTemplates", "{AF8D890C-8368-4A9B-93B7-5388128F043A}"
	ProjectSection(SolutionItems) = preProject
		SampleTemplates\a.tpl = SampleTemplates\a.tpl
		SampleTemplates\CamelCase.dbl = SampleTemplates\CamelCase.dbl
		SampleTemplates\CanOpenFile.dbl = SampleTemplates\CanOpenFile.dbl
		SampleTemplates\cs_annotated_class.tpl = SampleTemplates\cs_annotated_class.tpl
		SampleTemplates\cs_asp_data_provider.tpl = SampleTemplates\cs_asp_data_provider.tpl
		SampleTemplates\cs_class.tpl = SampleTemplates\cs_class.tpl
		SampleTemplates\cs_mvvm_maint_cancelcommand.tpl = SampleTemplates\cs_mvvm_maint_cancelcommand.tpl
		SampleTemplates\cs_mvvm_maint_manager.tpl = SampleTemplates\cs_mvvm_maint_manager.tpl
		SampleTemplates\cs_mvvm_maint_savecommand.tpl = SampleTemplates\cs_mvvm_maint_savecommand.tpl
		SampleTemplates\cs_mvvm_maint_view.tpl = SampleTemplates\cs_mvvm_maint_view.tpl
		SampleTemplates\cs_mvvm_maint_view_code.tpl = SampleTemplates\cs_mvvm_maint_view_code.tpl
		SampleTemplates\cs_mvvm_maint_viewmodel.tpl = SampleTemplates\cs_mvvm_maint_viewmodel.tpl
		SampleTemplates\cs_mvvm_model.tpl = SampleTemplates\cs_mvvm_model.tpl
		SampleTemplates\cs_mvvm_model_manual.tpl = SampleTemplates\cs_mvvm_model_manual.tpl
		SampleTemplates\cs_webform.tpl = SampleTemplates\cs_webform.tpl
		SampleTemplates\cs_webform_absolute.tpl = SampleTemplates\cs_webform_absolute.tpl
		SampleTemplates\cs_webform_codebehind.tpl = SampleTemplates\cs_webform_codebehind.tpl
		SampleTemplates\cs_webform_master.tpl = SampleTemplates\cs_webform_master.tpl
		SampleTemplates\cs_winform.tpl = SampleTemplates\cs_winform.tpl
		SampleTemplates\cs_winform_codebehind.tpl = SampleTemplates\cs_winform_codebehind.tpl
		SampleTemplates\cs_winform_resources.tpl = SampleTemplates\cs_winform_resources.tpl
		SampleTemplates\cs_xaml.tpl = SampleTemplates\cs_xaml.tpl
		SampleTemplates\cs_xaml_codebehind.tpl = SampleTemplates\cs_xaml_codebehind.tpl
		SampleTemplates\cs_xaml_ig.tpl = SampleTemplates\cs_xaml_ig.tpl
		SampleTemplates\cs_xaml_ig_codebehind.tpl = SampleTemplates\cs_xaml_ig_codebehind.tpl
		SampleTemplates\DatabaseRoutines.tpl = SampleTemplates\DatabaseRoutines.tpl
		SampleTemplates\DatabaseRoutinesBulkLoad.tpl = SampleTemplates\DatabaseRoutinesBulkLoad.tpl
		SampleTemplates\DatabaseRoutinesBulkLoadMapped.tpl = SampleTemplates\DatabaseRoutinesBulkLoadMapped.tpl
		SampleTemplates\DatabaseRoutinesLoad.tpl = SampleTemplates\DatabaseRoutinesLoad.tpl
		SampleTemplates\DatabaseRoutinesLoadMapped.tpl = SampleTemplates\DatabaseRoutinesLoadMapped.tpl
		SampleTemplates\DatabaseRoutinesTest.tpl = SampleTemplates\DatabaseRoutinesTest.tpl
		SampleTemplates\DatabaseTable.tpl = SampleTemplates\DatabaseTable.tpl
		SampleTemplates\DatabaseTableBase.tpl = SampleTemplates\DatabaseTableBase.tpl
		SampleTemplates\DatabaseTableConnection.tpl = SampleTemplates\DatabaseTableConnection.tpl
		SampleTemplates\DatabaseTableMapped.tpl = SampleTemplates\DatabaseTableMapped.tpl
		SampleTemplates\DatabaseTableTest.tpl = SampleTemplates\DatabaseTableTest.tpl
		SampleTemplates\DecimalToMDYString.dbl = SampleTemplates\DecimalToMDYString.dbl
		SampleTemplates\DecimalToTimeString.dbl = SampleTemplates\DecimalToTimeString.dbl
		SampleTemplates\html_codegen.tpl = SampleTemplates\html_codegen.tpl
		SampleTemplates\html_rps_structure_docs.tpl = SampleTemplates\html_rps_structure_docs.tpl
		SampleTemplates\IsNumeric.dbl = SampleTemplates\IsNumeric.dbl
		SampleTemplates\IsWhitespace.dbl = SampleTemplates\IsWhitespace.dbl
		SampleTemplates\json_from_record.tpl = SampleTemplates\json_from_record.tpl
		SampleTemplates\LowerCase.dbl = SampleTemplates\LowerCase.dbl
		SampleTemplates\MixedCase.dbl = SampleTemplates\MixedCase.dbl
		SampleTemplates\oc_class_implementation.tpl = SampleTemplates\oc_class_implementation.tpl
		SampleTemplates\oc_class_interface.tpl = SampleTemplates\oc_class_interface.tpl
		SampleTemplates\PascalCase.dbl = SampleTemplates\PascalCase.dbl
		SampleTemplates\QuotedString.dbl = SampleTemplates\QuotedString.dbl
		SampleTemplates\RemoveLeading.dbl = SampleTemplates\RemoveLeading.dbl
		SampleTemplates\ReplaceCharacter.dbl = SampleTemplates\ReplaceCharacter.dbl
		SampleTemplates\syn_collection.tpl = SampleTemplates\syn_collection.tpl
		SampleTemplates\syn_collection_test.tpl = SampleTemplates\syn_collection_test.tpl
		SampleTemplates\syn_csv_export.tpl = SampleTemplates\syn_csv_export.tpl
		SampleTemplates\syn_data_class.tpl = SampleTemplates\syn_data_class.tpl
		SampleTemplates\syn_io.tpl = SampleTemplates\syn_io.tpl
		SampleTemplates\syn_io_replicate.tpl = SampleTemplates\syn_io_replicate.tpl
		SampleTemplates\syn_multi_data_class.tpl = SampleTemplates\syn_multi_data_class.tpl
		SampleTemplates\syn_oplock.tpl = SampleTemplates\syn_oplock.tpl
		SampleTemplates\syn_winform.tpl = SampleTemplates\syn_winform.tpl
		SampleTemplates\syn_xdl.tpl = SampleTemplates\syn_xdl.tpl
		SampleTemplates\syn_xml_doc.tpl = SampleTemplates\syn_xml_doc.tpl
		SampleTemplates\syn_xml_elem.tpl = SampleTemplates\syn_xml_elem.tpl
		SampleTemplates\syn_xml_export.tpl = SampleTemplates\syn_xml_export.tpl
		SampleTemplates\syn_xml_export_test.tpl = SampleTemplates\syn_xml_export_test.tpl
		SampleTemplates\syn_xml_file.tpl = SampleTemplates\syn_xml_file.tpl
		SampleTemplates\synnet_mvvm_data.tpl = SampleTemplates\synnet_mvvm_data.tpl
		SampleTemplates\synnet_mvvm_data_util.tpl = SampleTemplates\synnet_mvvm_data_util.tpl
		SampleTemplates\synnet_mvvm_global_resources.tpl = SampleTemplates\synnet_mvvm_global_resources.tpl
		SampleTemplates\synnet_mvvm_relay_command.tpl = SampleTemplates\synnet_mvvm_relay_command.tpl
		SampleTemplates\synnet_mvvm_view_list.tpl = SampleTemplates\synnet_mvvm_view_list.tpl
		SampleTemplates\synnet_mvvm_view_list_code.tpl = SampleTemplates\synnet_mvvm_view_list_code.tpl
		SampleTemplates\synnet_mvvm_view_maint.tpl = SampleTemplates\synnet_mvvm_view_maint.tpl
		SampleTemplates\synnet_mvvm_view_maint_code.tpl = SampleTemplates\synnet_mvvm_view_maint_code.tpl
		SampleTemplates\synnet_mvvm_view_statemanager.tpl = SampleTemplates\synnet_mvvm_view_statemanager.tpl
		SampleTemplates\synnet_mvvm_vm.tpl = SampleTemplates\synnet_mvvm_vm.tpl
		SampleTemplates\synnet_mvvm_vm_list.tpl = SampleTemplates\synnet_mvvm_vm_list.tpl
		SampleTemplates\synnet_mvvm_vm_maint.tpl = SampleTemplates\synnet_mvvm_vm_maint.tpl
		SampleTemplates\synnet_mvvm_vm_tk.tpl = SampleTemplates\synnet_mvvm_vm_tk.tpl
		SampleTemplates\tk_change.tpl = SampleTemplates\tk_change.tpl
		SampleTemplates\tk_drill.tpl = SampleTemplates\tk_drill.tpl
		SampleTemplates\tk_input_window.tpl = SampleTemplates\tk_input_window.tpl
		SampleTemplates\tk_io.tpl = SampleTemplates\tk_io.tpl
		SampleTemplates\tk_lookup.tpl = SampleTemplates\tk_lookup.tpl
		SampleTemplates\tk_maint_simple.tpl = SampleTemplates\tk_maint_simple.tpl
		SampleTemplates\tk_maint_tab.tpl = SampleTemplates\tk_maint_tab.tpl
		SampleTemplates\tk_search.tpl = SampleTemplates\tk_search.tpl
		SampleTemplates\UpperCase.dbl = SampleTemplates\UpperCase.dbl
		SampleTemplates\vb_class.tpl = SampleTemplates\vb_class.tpl
		SampleTemplates\vb_webform.tpl = SampleTemplates\vb_webform.tpl
		SampleTemplates\vb_webform_absolute.tpl = SampleTemplates\vb_webform_absolute.tpl
		SampleTemplates\vb_webform_codebehind.tpl = SampleTemplates\vb_webform_codebehind.tpl
		SampleTemplates\vb_webform_master.tpl = SampleTemplates\vb_webform_master.tpl
		SampleTemplates\vb_winform.tpl = SampleTemplates\vb_winform.tpl
		SampleTemplates\vb_winform_codebehind.tpl = SampleTemplates\vb_winform_codebehind.tpl
		SampleTemplates\vb_winform_resources.tpl = SampleTemplates\vb_winform_resources.tpl
		SampleTemplates\vb_xaml.tpl = SampleTemplates\vb_xaml.tpl
		SampleTemplates\vb_xaml_codebehind.tpl = SampleTemplates\vb_xaml_codebehind.tpl
		SampleTemplates\xf_java_add.tpl = SampleTemplates\xf_java_add.tpl
		SampleTemplates\xf_java_can_delete.tpl = SampleTemplates\xf_java_can_delete.tpl
		SampleTemplates\xf_java_delete.tpl = SampleTemplates\xf_java_delete.tpl
		SampleTemplates\xf_java_get.tpl = SampleTemplates\xf_java_get.tpl
		SampleTemplates\xf_java_get_all.tpl = SampleTemplates\xf_java_get_all.tpl
		SampleTemplates\xf_java_update.tpl = SampleTemplates\xf_java_update.tpl
		SampleTemplates\xf_java_validate.tpl = SampleTemplates\xf_java_validate.tpl
		SampleTemplates\xf_net_add.tpl = SampleTemplates\xf_net_add.tpl
		SampleTemplates\xf_net_can_delete.tpl = SampleTemplates\xf_net_can_delete.tpl
		SampleTemplates\xf_net_delete.tpl = SampleTemplates\xf_net_delete.tpl
		SampleTemplates\xf_net_get.tpl = SampleTemplates\xf_net_get.tpl
		SampleTemplates\xf_net_get_all.tpl = SampleTemplates\xf_net_get_all.tpl
		SampleTemplates\xf_net_get_master_detail.tpl = SampleTemplates\xf_net_get_master_detail.tpl
		SampleTemplates\xf_net_select_all.tpl = SampleTemplates\xf_net_select_all.tpl
		SampleTemplates\xf_net_update.tpl = SampleTemplates\xf_net_update.tpl
		SampleTemplates\xf_net_validate.tpl = SampleTemplates\xf_net_validate.tpl
		SampleTemplates\XfCase.dbl = SampleTemplates\XfCase.dbl
	EndProjectSection
EndProject
Project("{2150E333-8FDC-42A3-9474-1A3956D46DE8}") = "Solution Items", "Solution Items", "{7F35E312-73B1-4291-B447-78B3CCC24FD9}"
	ProjectSection(SolutionItems) = preProject
		CodeGen.snk = CodeGen.snk
		CodeGenEnvironment.cmd = CodeGenEnvironment.cmd
		..\CodePlex Release Procedure.txt = ..\CodePlex Release Procedure.txt
		develop.bat = develop.bat
		develop.cmd = develop.cmd
		HowTo.txt = HowTo.txt
		SignFile.bat = SignFile.bat
	EndProjectSection
EndProject
Project("{2150E333-8FDC-42A3-9474-1A3956D46DE8}") = "SampleRepository", "SampleRepository", "{240CAFC0-11EF-4040-82ED-17B3B7870810}"
	ProjectSection(SolutionItems) = preProject
		SampleRepository\rpsmain.is1 = SampleRepository\rpsmain.is1
		SampleRepository\rpsmain.ism = SampleRepository\rpsmain.ism
		SampleRepository\rpstext.is1 = SampleRepository\rpstext.is1
		SampleRepository\rpstext.ism = SampleRepository\rpstext.ism
	EndProjectSection
EndProject
Project("{BBD0F5D1-1CC4-42FD-BA4C-A96779C64378}") = "CustomExtensionsExample", "CustomExtensionsExample\CustomExtensionsExample.synproj", "{FFEDFE69-A671-476D-9BE6-42D5E0B25C6A}"
EndProject
Project("{BBD0F5D1-1CC4-42FD-BA4C-A96779C64378}") = "CodeGenEngine", "CodeGenEngine\CodeGenEngine.synproj", "{47E2444D-9490-4D5F-A8F1-7E3277A010DB}"
EndProject
Project("{BBD0F5D1-1CC4-42FD-BA4C-A96779C64378}") = "CodeGen", "CodeGen\CodeGen.synproj", "{98711369-ED8A-4347-94E7-211798C6899E}"
EndProject
Project("{BBD0F5D1-1CC4-42FD-BA4C-A96779C64378}") = "RepositoryAPI", "RepositoryAPI\RepositoryAPI.synproj", "{CD5C2EAA-951B-4530-A374-F8277A7BCC3A}"
EndProject
Project("{FAE04EC0-301F-11D3-BF4B-00C04F79EFBC}") = "CodeGenParser", "CodeGenParser\CodeGenParser.csproj", "{D58B761A-2136-4774-AD39-08F5BDAA1102}"
EndProject
Project("{BBD0F5D1-1CC4-42FD-BA4C-A96779C64378}") = "CodeGenEngineShared", "CodeGenEngineShared\CodeGenEngineShared.synproj", "{FC35352C-E663-43B1-A943-EFBE17B16276}"
EndProject
Project("{BBD0F5D1-1CC4-42FD-BA4C-A96779C64378}") = "UnitTests", "UnitTests\UnitTests.synproj", "{5F86E72B-E05B-42EA-86F6-676642F68EDF}"
EndProject
Project("{930C7802-8A8C-48F9-8165-68863BCCD9DD}") = "CodeGenSetup", "CodeGenSetup\CodeGenSetup.wixproj", "{AC801722-1323-4FAE-A93E-26499B03682E}"
	ProjectSection(ProjectDependencies) = postProject
		{D58B761A-2136-4774-AD39-08F5BDAA1102} = {D58B761A-2136-4774-AD39-08F5BDAA1102}
		{5F86E72B-E05B-42EA-86F6-676642F68EDF} = {5F86E72B-E05B-42EA-86F6-676642F68EDF}
		{FC35352C-E663-43B1-A943-EFBE17B16276} = {FC35352C-E663-43B1-A943-EFBE17B16276}
		{47E2444D-9490-4D5F-A8F1-7E3277A010DB} = {47E2444D-9490-4D5F-A8F1-7E3277A010DB}
		{98711369-ED8A-4347-94E7-211798C6899E} = {98711369-ED8A-4347-94E7-211798C6899E}
		{FFEDFE69-A671-476D-9BE6-42D5E0B25C6A} = {FFEDFE69-A671-476D-9BE6-42D5E0B25C6A}
		{CD5C2EAA-951B-4530-A374-F8277A7BCC3A} = {CD5C2EAA-951B-4530-A374-F8277A7BCC3A}
	EndProjectSection
EndProject
Project("{2150E333-8FDC-42A3-9474-1A3956D46DE8}") = "Documentation", "Documentation", "{3BD7DAF5-4AD2-4227-AC40-EAB1530A46B5}"
	ProjectSection(SolutionItems) = preProject
		Documentation\CodeGen.chm = Documentation\CodeGen.chm
		Documentation\CodeGen.hsm = Documentation\CodeGen.hsm
		Documentation\Help.ico = Documentation\Help.ico
		Documentation\InternetExplorer.ico = Documentation\InternetExplorer.ico
		Documentation\License.rtf = Documentation\License.rtf
		Documentation\license.txt = Documentation\license.txt
	EndProjectSection
EndProject
Project("{BBD0F5D1-1CC4-42FD-BA4C-A96779C64378}") = "CreateFile", "CreateFile\CreateFile.synproj", "{9A3C4994-DD14-4FF3-A53D-FD3E159815F9}"
EndProject
Project("{BBD0F5D1-1CC4-42FD-BA4C-A96779C64378}") = "MethodCatalogAPI", "MethodCatalogAPI\MethodCatalogAPI.synproj", "{2C7880D4-8346-4152-85AB-6DADCED18DD3}"
EndProject
Project("{BBD0F5D1-1CC4-42FD-BA4C-A96779C64378}") = "MapPrep", "MapPrep\MapPrep.synproj", "{CEC52694-9626-48AA-BC82-1B16BF552359}"
EndProject
Project("{BBD0F5D1-1CC4-42FD-BA4C-A96779C64378}") = "RpsBrowser", "RpsBrowser\RpsBrowser.synproj", "{A2D6A499-E967-41EA-B2BC-3F74B3C415FD}"
EndProject
Project("{BBD0F5D1-1CC4-42FD-BA4C-A96779C64378}") = "RpsInfo", "RpsInfo\RpsInfo.synproj", "{5CE774CA-8EC7-401B-8108-0AC02C4E34D6}"
EndProject
Project("{BBD0F5D1-1CC4-42FD-BA4C-A96779C64378}") = "SmcInfo", "SmcInfo\SmcInfo.synproj", "{86E7B520-208E-42B7-9DFD-9000B8030809}"
EndProject
Project("{BBD0F5D1-1CC4-42FD-BA4C-A96779C64378}") = "TemplateBrowser", "TemplateBrowser\TemplateBrowser.synproj", "{4FD28506-B5C1-459B-8842-5921D1D20EAF}"
EndProject
Project("{2150E333-8FDC-42A3-9474-1A3956D46DE8}") = "UtilityRoutines", "UtilityRoutines", "{CA4919E7-24FE-48CA-8440-018B9E68CDD7}"
	ProjectSection(SolutionItems) = preProject
		UtilityRoutines\channel_cache.dbl = UtilityRoutines\channel_cache.dbl
		UtilityRoutines\dd_createfile.dbl = UtilityRoutines\dd_createfile.dbl
		UtilityRoutines\dd_createxdl.dbl = UtilityRoutines\dd_createxdl.dbl
		UtilityRoutines\display_local_fields.dbl = UtilityRoutines\display_local_fields.dbl
		UtilityRoutines\display_local_fields.def = UtilityRoutines\display_local_fields.def
		UtilityRoutines\entrst_method.dbl = UtilityRoutines\entrst_method.dbl
		UtilityRoutines\extract_window_data.dbl = UtilityRoutines\extract_window_data.dbl
		UtilityRoutines\headings_from_window.dbl = UtilityRoutines\headings_from_window.dbl
		UtilityRoutines\i_checkdata.dbl = UtilityRoutines\i_checkdata.dbl
		UtilityRoutines\io.dbl = UtilityRoutines\io.dbl
		UtilityRoutines\io.def = UtilityRoutines\io.def
		UtilityRoutines\ioerr.def = UtilityRoutines\ioerr.def
		UtilityRoutines\IsNumeric.dbl = UtilityRoutines\IsNumeric.dbl
		UtilityRoutines\position_window.dbl = UtilityRoutines\position_window.dbl
		UtilityRoutines\print_control.def = UtilityRoutines\print_control.def
		UtilityRoutines\print_list.dbl = UtilityRoutines\print_list.dbl
		UtilityRoutines\print_routines.dbl = UtilityRoutines\print_routines.dbl
		UtilityRoutines\print_window.dbl = UtilityRoutines\print_window.dbl
		UtilityRoutines\remove_leading.dbl = UtilityRoutines\remove_leading.dbl
		UtilityRoutines\replicate.dbl = UtilityRoutines\replicate.dbl
		UtilityRoutines\show_io_error.dbl = UtilityRoutines\show_io_error.dbl
		UtilityRoutines\structure_io.def = UtilityRoutines\structure_io.def
		UtilityRoutines\system.def = UtilityRoutines\system.def
		UtilityRoutines\tidy_string.dbl = UtilityRoutines\tidy_string.dbl
		UtilityRoutines\wndevent_close.dbl = UtilityRoutines\wndevent_close.dbl
		UtilityRoutines\write_error_out.dbl = UtilityRoutines\write_error_out.dbl
	EndProjectSection
EndProject
Global
	GlobalSection(SolutionConfigurationPlatforms) = preSolution
		Debug|Any CPU = Debug|Any CPU
		Debug|Mixed Platforms = Debug|Mixed Platforms
		Debug|x86 = Debug|x86
		Release|Any CPU = Release|Any CPU
		Release|Mixed Platforms = Release|Mixed Platforms
		Release|x86 = Release|x86
	EndGlobalSection
	GlobalSection(ProjectConfigurationPlatforms) = postSolution
		{FFEDFE69-A671-476D-9BE6-42D5E0B25C6A}.Debug|Any CPU.ActiveCfg = Debug|Any CPU
		{FFEDFE69-A671-476D-9BE6-42D5E0B25C6A}.Debug|Any CPU.Build.0 = Debug|Any CPU
		{FFEDFE69-A671-476D-9BE6-42D5E0B25C6A}.Debug|Mixed Platforms.ActiveCfg = Debug|Any CPU
		{FFEDFE69-A671-476D-9BE6-42D5E0B25C6A}.Debug|Mixed Platforms.Build.0 = Debug|Any CPU
		{FFEDFE69-A671-476D-9BE6-42D5E0B25C6A}.Debug|x86.ActiveCfg = Debug|Any CPU
		{FFEDFE69-A671-476D-9BE6-42D5E0B25C6A}.Release|Any CPU.ActiveCfg = Release|Any CPU
		{FFEDFE69-A671-476D-9BE6-42D5E0B25C6A}.Release|Any CPU.Build.0 = Release|Any CPU
		{FFEDFE69-A671-476D-9BE6-42D5E0B25C6A}.Release|Mixed Platforms.ActiveCfg = Release|Any CPU
		{FFEDFE69-A671-476D-9BE6-42D5E0B25C6A}.Release|Mixed Platforms.Build.0 = Release|Any CPU
		{FFEDFE69-A671-476D-9BE6-42D5E0B25C6A}.Release|x86.ActiveCfg = Release|Any CPU
		{47E2444D-9490-4D5F-A8F1-7E3277A010DB}.Debug|Any CPU.ActiveCfg = Debug|Any CPU
		{47E2444D-9490-4D5F-A8F1-7E3277A010DB}.Debug|Any CPU.Build.0 = Debug|Any CPU
		{47E2444D-9490-4D5F-A8F1-7E3277A010DB}.Debug|Mixed Platforms.ActiveCfg = Debug|Any CPU
		{47E2444D-9490-4D5F-A8F1-7E3277A010DB}.Debug|Mixed Platforms.Build.0 = Debug|Any CPU
		{47E2444D-9490-4D5F-A8F1-7E3277A010DB}.Debug|x86.ActiveCfg = Debug|Any CPU
		{47E2444D-9490-4D5F-A8F1-7E3277A010DB}.Release|Any CPU.ActiveCfg = Release|Any CPU
		{47E2444D-9490-4D5F-A8F1-7E3277A010DB}.Release|Any CPU.Build.0 = Release|Any CPU
		{47E2444D-9490-4D5F-A8F1-7E3277A010DB}.Release|Mixed Platforms.ActiveCfg = Release|Any CPU
		{47E2444D-9490-4D5F-A8F1-7E3277A010DB}.Release|Mixed Platforms.Build.0 = Release|Any CPU
		{47E2444D-9490-4D5F-A8F1-7E3277A010DB}.Release|x86.ActiveCfg = Release|Any CPU
		{98711369-ED8A-4347-94E7-211798C6899E}.Debug|Any CPU.ActiveCfg = Debug|Any CPU
		{98711369-ED8A-4347-94E7-211798C6899E}.Debug|Any CPU.Build.0 = Debug|Any CPU
		{98711369-ED8A-4347-94E7-211798C6899E}.Debug|Mixed Platforms.ActiveCfg = Debug|Any CPU
		{98711369-ED8A-4347-94E7-211798C6899E}.Debug|Mixed Platforms.Build.0 = Debug|Any CPU
		{98711369-ED8A-4347-94E7-211798C6899E}.Debug|x86.ActiveCfg = Debug|Any CPU
		{98711369-ED8A-4347-94E7-211798C6899E}.Release|Any CPU.ActiveCfg = Release|Any CPU
		{98711369-ED8A-4347-94E7-211798C6899E}.Release|Any CPU.Build.0 = Release|Any CPU
		{98711369-ED8A-4347-94E7-211798C6899E}.Release|Mixed Platforms.ActiveCfg = Release|Any CPU
		{98711369-ED8A-4347-94E7-211798C6899E}.Release|Mixed Platforms.Build.0 = Release|Any CPU
		{98711369-ED8A-4347-94E7-211798C6899E}.Release|x86.ActiveCfg = Release|Any CPU
		{CD5C2EAA-951B-4530-A374-F8277A7BCC3A}.Debug|Any CPU.ActiveCfg = Debug|Any CPU
		{CD5C2EAA-951B-4530-A374-F8277A7BCC3A}.Debug|Any CPU.Build.0 = Debug|Any CPU
		{CD5C2EAA-951B-4530-A374-F8277A7BCC3A}.Debug|Mixed Platforms.ActiveCfg = Debug|Any CPU
		{CD5C2EAA-951B-4530-A374-F8277A7BCC3A}.Debug|Mixed Platforms.Build.0 = Debug|Any CPU
		{CD5C2EAA-951B-4530-A374-F8277A7BCC3A}.Debug|x86.ActiveCfg = Debug|Any CPU
		{CD5C2EAA-951B-4530-A374-F8277A7BCC3A}.Release|Any CPU.ActiveCfg = Release|Any CPU
		{CD5C2EAA-951B-4530-A374-F8277A7BCC3A}.Release|Any CPU.Build.0 = Release|Any CPU
		{CD5C2EAA-951B-4530-A374-F8277A7BCC3A}.Release|Mixed Platforms.ActiveCfg = Release|Any CPU
		{CD5C2EAA-951B-4530-A374-F8277A7BCC3A}.Release|Mixed Platforms.Build.0 = Release|Any CPU
		{CD5C2EAA-951B-4530-A374-F8277A7BCC3A}.Release|x86.ActiveCfg = Release|Any CPU
		{D58B761A-2136-4774-AD39-08F5BDAA1102}.Debug|Any CPU.ActiveCfg = Debug|Any CPU
		{D58B761A-2136-4774-AD39-08F5BDAA1102}.Debug|Any CPU.Build.0 = Debug|Any CPU
		{D58B761A-2136-4774-AD39-08F5BDAA1102}.Debug|Mixed Platforms.ActiveCfg = Debug|Any CPU
		{D58B761A-2136-4774-AD39-08F5BDAA1102}.Debug|Mixed Platforms.Build.0 = Debug|Any CPU
		{D58B761A-2136-4774-AD39-08F5BDAA1102}.Debug|x86.ActiveCfg = Debug|Any CPU
		{D58B761A-2136-4774-AD39-08F5BDAA1102}.Release|Any CPU.ActiveCfg = Release|Any CPU
		{D58B761A-2136-4774-AD39-08F5BDAA1102}.Release|Any CPU.Build.0 = Release|Any CPU
		{D58B761A-2136-4774-AD39-08F5BDAA1102}.Release|Mixed Platforms.ActiveCfg = Release|Any CPU
		{D58B761A-2136-4774-AD39-08F5BDAA1102}.Release|Mixed Platforms.Build.0 = Release|Any CPU
		{D58B761A-2136-4774-AD39-08F5BDAA1102}.Release|x86.ActiveCfg = Release|Any CPU
		{FC35352C-E663-43B1-A943-EFBE17B16276}.Debug|Any CPU.ActiveCfg = Debug|Any CPU
		{FC35352C-E663-43B1-A943-EFBE17B16276}.Debug|Any CPU.Build.0 = Debug|Any CPU
		{FC35352C-E663-43B1-A943-EFBE17B16276}.Debug|Mixed Platforms.ActiveCfg = Debug|Any CPU
		{FC35352C-E663-43B1-A943-EFBE17B16276}.Debug|Mixed Platforms.Build.0 = Debug|Any CPU
		{FC35352C-E663-43B1-A943-EFBE17B16276}.Debug|x86.ActiveCfg = Debug|Any CPU
		{FC35352C-E663-43B1-A943-EFBE17B16276}.Release|Any CPU.ActiveCfg = Release|Any CPU
		{FC35352C-E663-43B1-A943-EFBE17B16276}.Release|Any CPU.Build.0 = Release|Any CPU
		{FC35352C-E663-43B1-A943-EFBE17B16276}.Release|Mixed Platforms.ActiveCfg = Release|Any CPU
		{FC35352C-E663-43B1-A943-EFBE17B16276}.Release|Mixed Platforms.Build.0 = Release|Any CPU
		{FC35352C-E663-43B1-A943-EFBE17B16276}.Release|x86.ActiveCfg = Release|Any CPU
		{5F86E72B-E05B-42EA-86F6-676642F68EDF}.Debug|Any CPU.ActiveCfg = Debug|Any CPU
		{5F86E72B-E05B-42EA-86F6-676642F68EDF}.Debug|Any CPU.Build.0 = Debug|Any CPU
		{5F86E72B-E05B-42EA-86F6-676642F68EDF}.Debug|Mixed Platforms.ActiveCfg = Debug|Any CPU
		{5F86E72B-E05B-42EA-86F6-676642F68EDF}.Debug|Mixed Platforms.Build.0 = Debug|Any CPU
		{5F86E72B-E05B-42EA-86F6-676642F68EDF}.Debug|x86.ActiveCfg = Debug|Any CPU
		{5F86E72B-E05B-42EA-86F6-676642F68EDF}.Release|Any CPU.ActiveCfg = Release|Any CPU
		{5F86E72B-E05B-42EA-86F6-676642F68EDF}.Release|Any CPU.Build.0 = Release|Any CPU
		{5F86E72B-E05B-42EA-86F6-676642F68EDF}.Release|Mixed Platforms.ActiveCfg = Release|Any CPU
		{5F86E72B-E05B-42EA-86F6-676642F68EDF}.Release|Mixed Platforms.Build.0 = Release|Any CPU
		{5F86E72B-E05B-42EA-86F6-676642F68EDF}.Release|x86.ActiveCfg = Release|Any CPU
		{AC801722-1323-4FAE-A93E-26499B03682E}.Debug|Any CPU.ActiveCfg = Debug|x86
		{AC801722-1323-4FAE-A93E-26499B03682E}.Debug|Mixed Platforms.ActiveCfg = Debug|x86
		{AC801722-1323-4FAE-A93E-26499B03682E}.Debug|x86.ActiveCfg = Debug|x86
		{AC801722-1323-4FAE-A93E-26499B03682E}.Debug|x86.Build.0 = Debug|x86
		{AC801722-1323-4FAE-A93E-26499B03682E}.Release|Any CPU.ActiveCfg = Release|x86
		{AC801722-1323-4FAE-A93E-26499B03682E}.Release|Mixed Platforms.ActiveCfg = Release|x86
		{AC801722-1323-4FAE-A93E-26499B03682E}.Release|x86.ActiveCfg = Release|x86
		{AC801722-1323-4FAE-A93E-26499B03682E}.Release|x86.Build.0 = Release|x86
		{9A3C4994-DD14-4FF3-A53D-FD3E159815F9}.Debug|Any CPU.ActiveCfg = Debug|Any CPU
		{9A3C4994-DD14-4FF3-A53D-FD3E159815F9}.Debug|Any CPU.Build.0 = Debug|Any CPU
		{9A3C4994-DD14-4FF3-A53D-FD3E159815F9}.Debug|Mixed Platforms.ActiveCfg = Debug|Any CPU
		{9A3C4994-DD14-4FF3-A53D-FD3E159815F9}.Debug|Mixed Platforms.Build.0 = Debug|Any CPU
		{9A3C4994-DD14-4FF3-A53D-FD3E159815F9}.Debug|x86.ActiveCfg = Debug|Any CPU
		{9A3C4994-DD14-4FF3-A53D-FD3E159815F9}.Release|Any CPU.ActiveCfg = Release|Any CPU
		{9A3C4994-DD14-4FF3-A53D-FD3E159815F9}.Release|Any CPU.Build.0 = Release|Any CPU
		{9A3C4994-DD14-4FF3-A53D-FD3E159815F9}.Release|Mixed Platforms.ActiveCfg = Release|Any CPU
		{9A3C4994-DD14-4FF3-A53D-FD3E159815F9}.Release|Mixed Platforms.Build.0 = Release|Any CPU
		{9A3C4994-DD14-4FF3-A53D-FD3E159815F9}.Release|x86.ActiveCfg = Release|Any CPU
		{2C7880D4-8346-4152-85AB-6DADCED18DD3}.Debug|Any CPU.ActiveCfg = Debug|Any CPU
		{2C7880D4-8346-4152-85AB-6DADCED18DD3}.Debug|Any CPU.Build.0 = Debug|Any CPU
		{2C7880D4-8346-4152-85AB-6DADCED18DD3}.Debug|Mixed Platforms.ActiveCfg = Debug|Any CPU
		{2C7880D4-8346-4152-85AB-6DADCED18DD3}.Debug|Mixed Platforms.Build.0 = Debug|Any CPU
		{2C7880D4-8346-4152-85AB-6DADCED18DD3}.Debug|x86.ActiveCfg = Debug|Any CPU
		{2C7880D4-8346-4152-85AB-6DADCED18DD3}.Release|Any CPU.ActiveCfg = Release|Any CPU
		{2C7880D4-8346-4152-85AB-6DADCED18DD3}.Release|Any CPU.Build.0 = Release|Any CPU
		{2C7880D4-8346-4152-85AB-6DADCED18DD3}.Release|Mixed Platforms.ActiveCfg = Release|Any CPU
		{2C7880D4-8346-4152-85AB-6DADCED18DD3}.Release|Mixed Platforms.Build.0 = Release|Any CPU
		{2C7880D4-8346-4152-85AB-6DADCED18DD3}.Release|x86.ActiveCfg = Release|Any CPU
		{CEC52694-9626-48AA-BC82-1B16BF552359}.Debug|Any CPU.ActiveCfg = Debug|Any CPU
		{CEC52694-9626-48AA-BC82-1B16BF552359}.Debug|Any CPU.Build.0 = Debug|Any CPU
		{CEC52694-9626-48AA-BC82-1B16BF552359}.Debug|Mixed Platforms.ActiveCfg = Debug|Any CPU
		{CEC52694-9626-48AA-BC82-1B16BF552359}.Debug|Mixed Platforms.Build.0 = Debug|Any CPU
		{CEC52694-9626-48AA-BC82-1B16BF552359}.Debug|x86.ActiveCfg = Debug|Any CPU
		{CEC52694-9626-48AA-BC82-1B16BF552359}.Release|Any CPU.ActiveCfg = Release|Any CPU
		{CEC52694-9626-48AA-BC82-1B16BF552359}.Release|Any CPU.Build.0 = Release|Any CPU
		{CEC52694-9626-48AA-BC82-1B16BF552359}.Release|Mixed Platforms.ActiveCfg = Release|Any CPU
		{CEC52694-9626-48AA-BC82-1B16BF552359}.Release|Mixed Platforms.Build.0 = Release|Any CPU
		{CEC52694-9626-48AA-BC82-1B16BF552359}.Release|x86.ActiveCfg = Release|Any CPU
		{A2D6A499-E967-41EA-B2BC-3F74B3C415FD}.Debug|Any CPU.ActiveCfg = Debug|Any CPU
		{A2D6A499-E967-41EA-B2BC-3F74B3C415FD}.Debug|Any CPU.Build.0 = Debug|Any CPU
		{A2D6A499-E967-41EA-B2BC-3F74B3C415FD}.Debug|Mixed Platforms.ActiveCfg = Debug|Any CPU
		{A2D6A499-E967-41EA-B2BC-3F74B3C415FD}.Debug|Mixed Platforms.Build.0 = Debug|Any CPU
		{A2D6A499-E967-41EA-B2BC-3F74B3C415FD}.Debug|x86.ActiveCfg = Debug|Any CPU
		{A2D6A499-E967-41EA-B2BC-3F74B3C415FD}.Release|Any CPU.ActiveCfg = Release|Any CPU
		{A2D6A499-E967-41EA-B2BC-3F74B3C415FD}.Release|Any CPU.Build.0 = Release|Any CPU
		{A2D6A499-E967-41EA-B2BC-3F74B3C415FD}.Release|Mixed Platforms.ActiveCfg = Release|Any CPU
		{A2D6A499-E967-41EA-B2BC-3F74B3C415FD}.Release|Mixed Platforms.Build.0 = Release|Any CPU
		{A2D6A499-E967-41EA-B2BC-3F74B3C415FD}.Release|x86.ActiveCfg = Release|Any CPU
		{5CE774CA-8EC7-401B-8108-0AC02C4E34D6}.Debug|Any CPU.ActiveCfg = Debug|Any CPU
		{5CE774CA-8EC7-401B-8108-0AC02C4E34D6}.Debug|Any CPU.Build.0 = Debug|Any CPU
		{5CE774CA-8EC7-401B-8108-0AC02C4E34D6}.Debug|Mixed Platforms.ActiveCfg = Debug|Any CPU
		{5CE774CA-8EC7-401B-8108-0AC02C4E34D6}.Debug|Mixed Platforms.Build.0 = Debug|Any CPU
		{5CE774CA-8EC7-401B-8108-0AC02C4E34D6}.Debug|x86.ActiveCfg = Debug|Any CPU
		{5CE774CA-8EC7-401B-8108-0AC02C4E34D6}.Release|Any CPU.ActiveCfg = Release|Any CPU
		{5CE774CA-8EC7-401B-8108-0AC02C4E34D6}.Release|Any CPU.Build.0 = Release|Any CPU
		{5CE774CA-8EC7-401B-8108-0AC02C4E34D6}.Release|Mixed Platforms.ActiveCfg = Release|Any CPU
		{5CE774CA-8EC7-401B-8108-0AC02C4E34D6}.Release|Mixed Platforms.Build.0 = Release|Any CPU
		{5CE774CA-8EC7-401B-8108-0AC02C4E34D6}.Release|x86.ActiveCfg = Release|Any CPU
		{86E7B520-208E-42B7-9DFD-9000B8030809}.Debug|Any CPU.ActiveCfg = Debug|Any CPU
		{86E7B520-208E-42B7-9DFD-9000B8030809}.Debug|Any CPU.Build.0 = Debug|Any CPU
		{86E7B520-208E-42B7-9DFD-9000B8030809}.Debug|Mixed Platforms.ActiveCfg = Debug|Any CPU
		{86E7B520-208E-42B7-9DFD-9000B8030809}.Debug|Mixed Platforms.Build.0 = Debug|Any CPU
		{86E7B520-208E-42B7-9DFD-9000B8030809}.Debug|x86.ActiveCfg = Debug|Any CPU
		{86E7B520-208E-42B7-9DFD-9000B8030809}.Release|Any CPU.ActiveCfg = Release|Any CPU
		{86E7B520-208E-42B7-9DFD-9000B8030809}.Release|Any CPU.Build.0 = Release|Any CPU
		{86E7B520-208E-42B7-9DFD-9000B8030809}.Release|Mixed Platforms.ActiveCfg = Release|Any CPU
		{86E7B520-208E-42B7-9DFD-9000B8030809}.Release|Mixed Platforms.Build.0 = Release|Any CPU
		{86E7B520-208E-42B7-9DFD-9000B8030809}.Release|x86.ActiveCfg = Release|Any CPU
		{4FD28506-B5C1-459B-8842-5921D1D20EAF}.Debug|Any CPU.ActiveCfg = Debug|Any CPU
		{4FD28506-B5C1-459B-8842-5921D1D20EAF}.Debug|Any CPU.Build.0 = Debug|Any CPU
		{4FD28506-B5C1-459B-8842-5921D1D20EAF}.Debug|Mixed Platforms.ActiveCfg = Debug|Any CPU
		{4FD28506-B5C1-459B-8842-5921D1D20EAF}.Debug|Mixed Platforms.Build.0 = Debug|Any CPU
		{4FD28506-B5C1-459B-8842-5921D1D20EAF}.Debug|x86.ActiveCfg = Debug|Any CPU
		{4FD28506-B5C1-459B-8842-5921D1D20EAF}.Release|Any CPU.ActiveCfg = Release|Any CPU
		{4FD28506-B5C1-459B-8842-5921D1D20EAF}.Release|Any CPU.Build.0 = Release|Any CPU
		{4FD28506-B5C1-459B-8842-5921D1D20EAF}.Release|Mixed Platforms.ActiveCfg = Release|Any CPU
		{4FD28506-B5C1-459B-8842-5921D1D20EAF}.Release|Mixed Platforms.Build.0 = Release|Any CPU
		{4FD28506-B5C1-459B-8842-5921D1D20EAF}.Release|x86.ActiveCfg = Release|Any CPU
	EndGlobalSection
	GlobalSection(SolutionProperties) = preSolution
		HideSolutionNode = FALSE
	EndGlobalSection
EndGlobal
