<Solution>
  <Configurations>
    <BuildType Name="Debug" />
    <BuildType Name="Deploy" />
    <BuildType Name="Release" />
  </Configurations>
  <Folder Name="/Solution Items/">
    <File Path="../RepositoryAPI.nuspec" />
    <File Path="CodeGenEnvironment.cmd" />
    <File Path="MakeLinuxDistro.bat" />
    <File Path="MakeWindowsDistro.bat" />
    <File Path="setup.bat" />
  </Folder>
  <Project Path="CodeGen/CodeGen.synproj" Type="bbd0f5d1-1cc4-42fd-ba4c-a96779c64378" Id="7fcb9197-372f-4c85-ab05-7765ea2bf067" />
  <Project Path="CodeGenEngine/CodeGenEngine.synproj" Type="bbd0f5d1-1cc4-42fd-ba4c-a96779c64378" Id="d2fc7695-e44f-48c0-a4a5-1e85b76efa48" />
  <Project Path="HarmonyCoreCodeGen.Core/HarmonyCoreCodeGen.Core.synproj" Type="bbd0f5d1-1cc4-42fd-ba4c-a96779c64378" Id="6c94d108-0f08-4c31-a6a1-2f626df92caf">
    <BuildType Solution="Deploy|*" Project="Release" />
  </Project>
  <Project Path="HarmonyCoreExtensions/HarmonyCoreExtensions.synproj" Type="bbd0f5d1-1cc4-42fd-ba4c-a96779c64378" Id="1f68b271-629b-4c92-972f-ad384a91266c">
    <BuildType Solution="Deploy|*" Project="Release" />
  </Project>
  <Project Path="MethodCatalogAPI/MethodCatalogAPI.synproj" Type="bbd0f5d1-1cc4-42fd-ba4c-a96779c64378" Id="d3564b19-4e1f-4c84-958c-1443fdaecf87" />
  <Project Path="RepositoryAPI/RepositoryAPI.synproj" Type="bbd0f5d1-1cc4-42fd-ba4c-a96779c64378" Id="7f590216-7da0-4662-988b-166c12a0ce1a" />
</Solution>
