
Microsoft Visual Studio Solution File, Format Version 12.00
# Visual Studio Version 17
VisualStudioVersion = 17.2.32630.192
MinimumVisualStudioVersion = 10.0.40219.1
Project("{BBD0F5D1-1CC4-42FD-BA4C-A96779C64378}") = "RepositoryAPI", "RepositoryAPI\RepositoryAPI.synproj", "{7F590216-7DA0-4662-988B-166C12A0CE1A}"
EndProject
Project("{BBD0F5D1-1CC4-42FD-BA4C-A96779C64378}") = "MethodCatalogAPI", "MethodCatalogAPI\MethodCatalogAPI.synproj", "{D3564B19-4E1F-4C84-958C-1443FDAECF87}"
EndProject
Project("{BBD0F5D1-1CC4-42FD-BA4C-A96779C64378}") = "CodeGenEngine", "CodeGenEngine\CodeGenEngine.synproj", "{D2FC7695-E44F-48C0-A4A5-1E85B76EFA48}"
EndProject
Project("{BBD0F5D1-1CC4-42FD-BA4C-A96779C64378}") = "CodeGen", "CodeGen\CodeGen.synproj", "{7FCB9197-372F-4C85-AB05-7765EA2BF067}"
EndProject
Project("{2150E333-8FDC-42A3-9474-1A3956D46DE8}") = "Solution Items", "Solution Items", "{7129ECAC-23AE-4B93-BF1E-AC88ADC4198A}"
	ProjectSection(SolutionItems) = preProject
		CodeGenEnvironment.cmd = CodeGenEnvironment.cmd
		MakeLinuxDistro.bat = MakeLinuxDistro.bat
		MakeWindowsDistro.bat = MakeWindowsDistro.bat
		..\RepositoryAPI.nuspec = ..\RepositoryAPI.nuspec
		setup.bat = setup.bat
	EndProjectSection
EndProject
Project("{BBD0F5D1-1CC4-42FD-BA4C-A96779C64378}") = "HarmonyCoreExtensions", "HarmonyCoreExtensions\HarmonyCoreExtensions.synproj", "{1F68B271-629B-4C92-972F-AD384A91266C}"
EndProject
Project("{BBD0F5D1-1CC4-42FD-BA4C-A96779C64378}") = "HarmonyCoreCodeGen.Core", "HarmonyCoreCodeGen.Core\HarmonyCoreCodeGen.Core.synproj", "{6C94D108-0F08-4C31-A6A1-2F626DF92CAF}"
EndProject
Global
	GlobalSection(SolutionConfigurationPlatforms) = preSolution
		Debug|Any CPU = Debug|Any CPU
		Deploy|Any CPU = Deploy|Any CPU
		Release|Any CPU = Release|Any CPU
	EndGlobalSection
	GlobalSection(ProjectConfigurationPlatforms) = postSolution
		{7F590216-7DA0-4662-988B-166C12A0CE1A}.Debug|Any CPU.ActiveCfg = Debug|Any CPU
		{7F590216-7DA0-4662-988B-166C12A0CE1A}.Debug|Any CPU.Build.0 = Debug|Any CPU
		{7F590216-7DA0-4662-988B-166C12A0CE1A}.Deploy|Any CPU.ActiveCfg = Deploy|Any CPU
		{7F590216-7DA0-4662-988B-166C12A0CE1A}.Deploy|Any CPU.Build.0 = Deploy|Any CPU
		{7F590216-7DA0-4662-988B-166C12A0CE1A}.Release|Any CPU.ActiveCfg = Release|Any CPU
		{7F590216-7DA0-4662-988B-166C12A0CE1A}.Release|Any CPU.Build.0 = Release|Any CPU
		{D3564B19-4E1F-4C84-958C-1443FDAECF87}.Debug|Any CPU.ActiveCfg = Debug|Any CPU
		{D3564B19-4E1F-4C84-958C-1443FDAECF87}.Debug|Any CPU.Build.0 = Debug|Any CPU
		{D3564B19-4E1F-4C84-958C-1443FDAECF87}.Deploy|Any CPU.ActiveCfg = Deploy|Any CPU
		{D3564B19-4E1F-4C84-958C-1443FDAECF87}.Deploy|Any CPU.Build.0 = Deploy|Any CPU
		{D3564B19-4E1F-4C84-958C-1443FDAECF87}.Release|Any CPU.ActiveCfg = Release|Any CPU
		{D3564B19-4E1F-4C84-958C-1443FDAECF87}.Release|Any CPU.Build.0 = Release|Any CPU
		{D2FC7695-E44F-48C0-A4A5-1E85B76EFA48}.Debug|Any CPU.ActiveCfg = Debug|Any CPU
		{D2FC7695-E44F-48C0-A4A5-1E85B76EFA48}.Debug|Any CPU.Build.0 = Debug|Any CPU
		{D2FC7695-E44F-48C0-A4A5-1E85B76EFA48}.Deploy|Any CPU.ActiveCfg = Deploy|Any CPU
		{D2FC7695-E44F-48C0-A4A5-1E85B76EFA48}.Deploy|Any CPU.Build.0 = Deploy|Any CPU
		{D2FC7695-E44F-48C0-A4A5-1E85B76EFA48}.Release|Any CPU.ActiveCfg = Release|Any CPU
		{D2FC7695-E44F-48C0-A4A5-1E85B76EFA48}.Release|Any CPU.Build.0 = Release|Any CPU
		{7FCB9197-372F-4C85-AB05-7765EA2BF067}.Debug|Any CPU.ActiveCfg = Debug|Any CPU
		{7FCB9197-372F-4C85-AB05-7765EA2BF067}.Debug|Any CPU.Build.0 = Debug|Any CPU
		{7FCB9197-372F-4C85-AB05-7765EA2BF067}.Deploy|Any CPU.ActiveCfg = Deploy|Any CPU
		{7FCB9197-372F-4C85-AB05-7765EA2BF067}.Deploy|Any CPU.Build.0 = Deploy|Any CPU
		{7FCB9197-372F-4C85-AB05-7765EA2BF067}.Release|Any CPU.ActiveCfg = Release|Any CPU
		{7FCB9197-372F-4C85-AB05-7765EA2BF067}.Release|Any CPU.Build.0 = Release|Any CPU
		{1F68B271-629B-4C92-972F-AD384A91266C}.Debug|Any CPU.ActiveCfg = Debug|Any CPU
		{1F68B271-629B-4C92-972F-AD384A91266C}.Debug|Any CPU.Build.0 = Debug|Any CPU
		{1F68B271-629B-4C92-972F-AD384A91266C}.Deploy|Any CPU.ActiveCfg = Release|Any CPU
		{1F68B271-629B-4C92-972F-AD384A91266C}.Deploy|Any CPU.Build.0 = Release|Any CPU
		{1F68B271-629B-4C92-972F-AD384A91266C}.Release|Any CPU.ActiveCfg = Release|Any CPU
		{1F68B271-629B-4C92-972F-AD384A91266C}.Release|Any CPU.Build.0 = Release|Any CPU
		{6C94D108-0F08-4C31-A6A1-2F626DF92CAF}.Debug|Any CPU.ActiveCfg = Debug|Any CPU
		{6C94D108-0F08-4C31-A6A1-2F626DF92CAF}.Debug|Any CPU.Build.0 = Debug|Any CPU
		{6C94D108-0F08-4C31-A6A1-2F626DF92CAF}.Deploy|Any CPU.ActiveCfg = Release|Any CPU
		{6C94D108-0F08-4C31-A6A1-2F626DF92CAF}.Deploy|Any CPU.Build.0 = Release|Any CPU
		{6C94D108-0F08-4C31-A6A1-2F626DF92CAF}.Release|Any CPU.ActiveCfg = Release|Any CPU
		{6C94D108-0F08-4C31-A6A1-2F626DF92CAF}.Release|Any CPU.Build.0 = Release|Any CPU
	EndGlobalSection
	GlobalSection(SolutionProperties) = preSolution
		HideSolutionNode = FALSE
	EndGlobalSection
	GlobalSection(ExtensibilityGlobals) = postSolution
		SolutionGuid = {7ECBF38A-3A48-42C1-B4AD-9E0DCE3BAE8E}
	EndGlobalSection
EndGlobal
